// !$*UTF8*$!
{
	archiveVersion = 1;
	classes = {
	};
	objectVersion = 77;
	objects = {

/* Begin PBXBuildFile section */
		07D1325DD8DA9A76FB2B7A60 /* Assets.xcassets in Resources */ = {isa = PBXBuildFile; fileRef = 3D2B94E0769FBF39153271C5 /* Assets.xcassets */; };
		0DBDFD7FCFCE40F704155E71 /* Quote.swift in Sources */ = {isa = PBXBuildFile; fileRef = 97A14D291841BE4165B207D9 /* Quote.swift */; };
		0DE29D84DB286135B186A40A /* AdMobConfig.swift in Sources */ = {isa = PBXBuildFile; fileRef = E78B995C5E74125775BE8BDB /* AdMobConfig.swift */; };
		16400909D3C81202D8B95355 /* NotificationService.swift in Sources */ = {isa = PBXBuildFile; fileRef = 89015E8D2D903E966ED6C1C0 /* NotificationService.swift */; };
		1CF62DE569E44E690070E0A8 /* SharePreviewView.swift in Sources */ = {isa = PBXBuildFile; fileRef = 2983B4A85E736D2AAF0695F1 /* SharePreviewView.swift */; };
		23D77FF1270F0C8BDF6A846D /* GoogleService-Info.plist in Resources */ = {isa = PBXBuildFile; fileRef = 4562785C1B80CEC9C926C082 /* GoogleService-Info.plist */; };
		27927917E5BF789D39657283 /* AppTheme.swift in Sources */ = {isa = PBXBuildFile; fileRef = 4D8DEC05962BCB1FFB6ED0B3 /* AppTheme.swift */; };
		3C2C7BB82E3B17FD0420AFD5 /* FirebaseAppCheck in Frameworks */ = {isa = PBXBuildFile; productRef = 773222A9BF038F22B2468A43 /* FirebaseAppCheck */; };
		3FA48DA650605866E1220910 /* SecurityGuard.swift in Sources */ = {isa = PBXBuildFile; fileRef = 12F3126C00621087A315C8F3 /* SecurityGuard.swift */; };
		4D34207FCF7ABEE2A2C85FD1 /* ShareImageSpec.swift in Sources */ = {isa = PBXBuildFile; fileRef = CA2B12EA70D5A6FEC5732CE4 /* ShareImageSpec.swift */; };
		5E661A54DA6D69BA2B456379 /* SettingsView.swift in Sources */ = {isa = PBXBuildFile; fileRef = F12366567DCABE2230E36064 /* SettingsView.swift */; };
		65D531CEECE49D641885C0E4 /* QuoteView.swift in Sources */ = {isa = PBXBuildFile; fileRef = 82D4E441E5CD4361296EF5C7 /* QuoteView.swift */; };
		67CDCA37DF7016399EE9B201 /* OnboardingView.swift in Sources */ = {isa = PBXBuildFile; fileRef = D425574337D98F126E997B31 /* OnboardingView.swift */; };
		68DD63FD087328DC6555A777 /* FirebaseFirestore in Frameworks */ = {isa = PBXBuildFile; productRef = C0E0B81DD81B866FA76C732C /* FirebaseFirestore */; };
		7476FAFE2462043448F500D8 /* BannerAdView.swift in Sources */ = {isa = PBXBuildFile; fileRef = 1D7B92BEE30CCABC685EBFEA /* BannerAdView.swift */; };
		7ADB89160F188F6A8945354D /* PPOIApp.swift in Sources */ = {isa = PBXBuildFile; fileRef = 54D8E6A99300F6695F1011A8 /* PPOIApp.swift */; };
		7B846251038820F4DD1E8D99 /* PrivacyInfo.xcprivacy in Resources */ = {isa = PBXBuildFile; fileRef = 872C270942B4BAD826A8B4FD /* PrivacyInfo.xcprivacy */; };
		7CAFF5EB213D3D115B31EE43 /* GoogleMobileAds in Frameworks */ = {isa = PBXBuildFile; productRef = 63CADF8F9BC9456177AF044E /* GoogleMobileAds */; };
		80A246980DF4C07B775DE66D /* QuoteService.swift in Sources */ = {isa = PBXBuildFile; fileRef = C5F2AA05EE3B9B02E08086CD /* QuoteService.swift */; };
		85BDB01AB43B744CAD1CB505 /* AdMobCompliance.swift in Sources */ = {isa = PBXBuildFile; fileRef = 708397E0B484F088A6525778 /* AdMobCompliance.swift */; };
		877837B38AFFFA35F9108E2D /* FirestoreQuoteRepository.swift in Sources */ = {isa = PBXBuildFile; fileRef = 47074C53B9067EEFA5723DEB /* FirestoreQuoteRepository.swift */; };
		8F083628FD02CD2C2109EF59 /* NetworkSecurity.swift in Sources */ = {isa = PBXBuildFile; fileRef = 2129E0A18303028FBA82BBC6 /* NetworkSecurity.swift */; };
		91EBEE0A53A9197A132332A9 /* ClipboardGuard.swift in Sources */ = {isa = PBXBuildFile; fileRef = 5761243E6FD31A543F916323 /* ClipboardGuard.swift */; };
		9AA181139A10B7F894E3EF03 /* QuoteViewModel.swift in Sources */ = {isa = PBXBuildFile; fileRef = D8596BCF1978FD9FF0E21A31 /* QuoteViewModel.swift */; };
		ABC515D48EF8C07FD16B7362 /* KeychainStore.swift in Sources */ = {isa = PBXBuildFile; fileRef = 3ABAD9927031E844CEEB55CC /* KeychainStore.swift */; };
		B2DDD37F7B8E4C6DA32027FD /* AdMobConfig.plist in Resources */ = {isa = PBXBuildFile; fileRef = ECB37C104E698AF34C57C0C8 /* AdMobConfig.plist */; };
		B38A82B8B7D72135F29F7F32 /* FirebaseBootstrap.swift in Sources */ = {isa = PBXBuildFile; fileRef = 239199C965EC3B0F0883A45D /* FirebaseBootstrap.swift */; };
		B3AAD54BE3631EF7FED92FEB /* SecureQuoteCache.swift in Sources */ = {isa = PBXBuildFile; fileRef = 2741BED2309AC34CE51CC877 /* SecureQuoteCache.swift */; };
		BC2EA1BA5D439AF465CCEF8E /* SecurityBlockedView.swift in Sources */ = {isa = PBXBuildFile; fileRef = DDCC0AF79376EBAB6250631A /* SecurityBlockedView.swift */; };
		BE16E45804404936A13914D2 /* ShareInputView.swift in Sources */ = {isa = PBXBuildFile; fileRef = C8D67C5A3B7757CB658FC79C /* ShareInputView.swift */; };
		C45B71C7361E759B73E92F79 /* RootView.swift in Sources */ = {isa = PBXBuildFile; fileRef = D2D34EF85C18777E38ED96B8 /* RootView.swift */; };
		D2522ACFFB851B4D78E9A13F /* ShareCardExportView.swift in Sources */ = {isa = PBXBuildFile; fileRef = C1A01B180ECCAFFD86CA03DC /* ShareCardExportView.swift */; };
		D32B1F715850F7CED26D0A6E /* InterstitialAdManager.swift in Sources */ = {isa = PBXBuildFile; fileRef = 8BE0DA3BF78E327EA8549303 /* InterstitialAdManager.swift */; };
		D5CD63F646FC48EC3DC3CB7A /* UserDefaultsStore.swift in Sources */ = {isa = PBXBuildFile; fileRef = 032690C7BC7103662C23EBD3 /* UserDefaultsStore.swift */; };
		D77D307690E4F4871C38D61C /* InputSanitizer.swift in Sources */ = {isa = PBXBuildFile; fileRef = D21D593F06C501F4B6377DA7 /* InputSanitizer.swift */; };
		D869F6CA23B8EB4485A8B863 /* AdMobConfig.plist.example in Resources */ = {isa = PBXBuildFile; fileRef = 55CE50EB4B1959DC99A644C2 /* AdMobConfig.plist.example */; };
		F147770A444AB900B4AA188B /* SecureLogger.swift in Sources */ = {isa = PBXBuildFile; fileRef = 46B5D8D84E2A91F483408B27 /* SecureLogger.swift */; };
		FC1ADA05F7E33D94940B3041 /* ShareImageRenderer.swift in Sources */ = {isa = PBXBuildFile; fileRef = F5333C7F5668B3A528610929 /* ShareImageRenderer.swift */; };
/* End PBXBuildFile section */

/* Begin PBXFileReference section */
		032690C7BC7103662C23EBD3 /* UserDefaultsStore.swift */ = {isa = PBXFileReference; lastKnownFileType = sourcecode.swift; path = UserDefaultsStore.swift; sourceTree = "<group>"; };
		0616FC6F54125F00726DEA76 /* Info.plist */ = {isa = PBXFileReference; lastKnownFileType = text.plist; path = Info.plist; sourceTree = "<group>"; };
		12F3126C00621087A315C8F3 /* SecurityGuard.swift */ = {isa = PBXFileReference; lastKnownFileType = sourcecode.swift; path = SecurityGuard.swift; sourceTree = "<group>"; };
		1D7B92BEE30CCABC685EBFEA /* BannerAdView.swift */ = {isa = PBXFileReference; lastKnownFileType = sourcecode.swift; path = BannerAdView.swift; sourceTree = "<group>"; };
		2129E0A18303028FBA82BBC6 /* NetworkSecurity.swift */ = {isa = PBXFileReference; lastKnownFileType = sourcecode.swift; path = NetworkSecurity.swift; sourceTree = "<group>"; };
		239199C965EC3B0F0883A45D /* FirebaseBootstrap.swift */ = {isa = PBXFileReference; lastKnownFileType = sourcecode.swift; path = FirebaseBootstrap.swift; sourceTree = "<group>"; };
		2741BED2309AC34CE51CC877 /* SecureQuoteCache.swift */ = {isa = PBXFileReference; lastKnownFileType = sourcecode.swift; path = SecureQuoteCache.swift; sourceTree = "<group>"; };
		2983B4A85E736D2AAF0695F1 /* SharePreviewView.swift */ = {isa = PBXFileReference; lastKnownFileType = sourcecode.swift; path = SharePreviewView.swift; sourceTree = "<group>"; };
		3ABAD9927031E844CEEB55CC /* KeychainStore.swift */ = {isa = PBXFileReference; lastKnownFileType = sourcecode.swift; path = KeychainStore.swift; sourceTree = "<group>"; };
		3D2B94E0769FBF39153271C5 /* Assets.xcassets */ = {isa = PBXFileReference; lastKnownFileType = folder.assetcatalog; path = Assets.xcassets; sourceTree = "<group>"; };
		4562785C1B80CEC9C926C082 /* GoogleService-Info.plist */ = {isa = PBXFileReference; lastKnownFileType = text.plist; path = "GoogleService-Info.plist"; sourceTree = "<group>"; };
		46B5D8D84E2A91F483408B27 /* SecureLogger.swift */ = {isa = PBXFileReference; lastKnownFileType = sourcecode.swift; path = SecureLogger.swift; sourceTree = "<group>"; };
		47074C53B9067EEFA5723DEB /* FirestoreQuoteRepository.swift */ = {isa = PBXFileReference; lastKnownFileType = sourcecode.swift; path = FirestoreQuoteRepository.swift; sourceTree = "<group>"; };
		4D8DEC05962BCB1FFB6ED0B3 /* AppTheme.swift */ = {isa = PBXFileReference; lastKnownFileType = sourcecode.swift; path = AppTheme.swift; sourceTree = "<group>"; };
		54D8E6A99300F6695F1011A8 /* PPOIApp.swift */ = {isa = PBXFileReference; lastKnownFileType = sourcecode.swift; path = PPOIApp.swift; sourceTree = "<group>"; };
		55CE50EB4B1959DC99A644C2 /* AdMobConfig.plist.example */ = {isa = PBXFileReference; path = AdMobConfig.plist.example; sourceTree = "<group>"; };
		5761243E6FD31A543F916323 /* ClipboardGuard.swift */ = {isa = PBXFileReference; lastKnownFileType = sourcecode.swift; path = ClipboardGuard.swift; sourceTree = "<group>"; };
		708397E0B484F088A6525778 /* AdMobCompliance.swift */ = {isa = PBXFileReference; lastKnownFileType = sourcecode.swift; path = AdMobCompliance.swift; sourceTree = "<group>"; };
		82D4E441E5CD4361296EF5C7 /* QuoteView.swift */ = {isa = PBXFileReference; lastKnownFileType = sourcecode.swift; path = QuoteView.swift; sourceTree = "<group>"; };
		872C270942B4BAD826A8B4FD /* PrivacyInfo.xcprivacy */ = {isa = PBXFileReference; path = PrivacyInfo.xcprivacy; sourceTree = "<group>"; };
		89015E8D2D903E966ED6C1C0 /* NotificationService.swift */ = {isa = PBXFileReference; lastKnownFileType = sourcecode.swift; path = NotificationService.swift; sourceTree = "<group>"; };
		8BE0DA3BF78E327EA8549303 /* InterstitialAdManager.swift */ = {isa = PBXFileReference; lastKnownFileType = sourcecode.swift; path = InterstitialAdManager.swift; sourceTree = "<group>"; };
		907611180B0FD929890D3880 /* PPOI.app */ = {isa = PBXFileReference; includeInIndex = 0; lastKnownFileType = wrapper.application; path = PPOI.app; sourceTree = BUILT_PRODUCTS_DIR; };
		97A14D291841BE4165B207D9 /* Quote.swift */ = {isa = PBXFileReference; lastKnownFileType = sourcecode.swift; path = Quote.swift; sourceTree = "<group>"; };
		C1A01B180ECCAFFD86CA03DC /* ShareCardExportView.swift */ = {isa = PBXFileReference; lastKnownFileType = sourcecode.swift; path = ShareCardExportView.swift; sourceTree = "<group>"; };
		C5F2AA05EE3B9B02E08086CD /* QuoteService.swift */ = {isa = PBXFileReference; lastKnownFileType = sourcecode.swift; path = QuoteService.swift; sourceTree = "<group>"; };
		C8D67C5A3B7757CB658FC79C /* ShareInputView.swift */ = {isa = PBXFileReference; lastKnownFileType = sourcecode.swift; path = ShareInputView.swift; sourceTree = "<group>"; };
		CA2B12EA70D5A6FEC5732CE4 /* ShareImageSpec.swift */ = {isa = PBXFileReference; lastKnownFileType = sourcecode.swift; path = ShareImageSpec.swift; sourceTree = "<group>"; };
		D21D593F06C501F4B6377DA7 /* InputSanitizer.swift */ = {isa = PBXFileReference; lastKnownFileType = sourcecode.swift; path = InputSanitizer.swift; sourceTree = "<group>"; };
		D2D34EF85C18777E38ED96B8 /* RootView.swift */ = {isa = PBXFileReference; lastKnownFileType = sourcecode.swift; path = RootView.swift; sourceTree = "<group>"; };
		D425574337D98F126E997B31 /* OnboardingView.swift */ = {isa = PBXFileReference; lastKnownFileType = sourcecode.swift; path = OnboardingView.swift; sourceTree = "<group>"; };
		D8596BCF1978FD9FF0E21A31 /* QuoteViewModel.swift */ = {isa = PBXFileReference; lastKnownFileType = sourcecode.swift; path = QuoteViewModel.swift; sourceTree = "<group>"; };
		DDCC0AF79376EBAB6250631A /* SecurityBlockedView.swift */ = {isa = PBXFileReference; lastKnownFileType = sourcecode.swift; path = SecurityBlockedView.swift; sourceTree = "<group>"; };
		E78B995C5E74125775BE8BDB /* AdMobConfig.swift */ = {isa = PBXFileReference; lastKnownFileType = sourcecode.swift; path = AdMobConfig.swift; sourceTree = "<group>"; };
		ECB37C104E698AF34C57C0C8 /* AdMobConfig.plist */ = {isa = PBXFileReference; lastKnownFileType = text.plist; path = AdMobConfig.plist; sourceTree = "<group>"; };
		F12366567DCABE2230E36064 /* SettingsView.swift */ = {isa = PBXFileReference; lastKnownFileType = sourcecode.swift; path = SettingsView.swift; sourceTree = "<group>"; };
		F5333C7F5668B3A528610929 /* ShareImageRenderer.swift */ = {isa = PBXFileReference; lastKnownFileType = sourcecode.swift; path = ShareImageRenderer.swift; sourceTree = "<group>"; };
/* End PBXFileReference section */

/* Begin PBXFrameworksBuildPhase section */
		7FAF1A042B91441C7C3CEB3C /* Frameworks */ = {
			isa = PBXFrameworksBuildPhase;
			buildActionMask = 2147483647;
			files = (
				68DD63FD087328DC6555A777 /* FirebaseFirestore in Frameworks */,
				3C2C7BB82E3B17FD0420AFD5 /* FirebaseAppCheck in Frameworks */,
				7CAFF5EB213D3D115B31EE43 /* GoogleMobileAds in Frameworks */,
			);
			runOnlyForDeploymentPostprocessing = 0;
		};
/* End PBXFrameworksBuildPhase section */

/* Begin PBXGroup section */
		2753EACBFE2AB3F2B9E83C82 /* App */ = {
			isa = PBXGroup;
			children = (
				54D8E6A99300F6695F1011A8 /* PPOIApp.swift */,
				D2D34EF85C18777E38ED96B8 /* RootView.swift */,
			);
			path = App;
			sourceTree = "<group>";
		};
		2CD6FC4B53645295394D82B8 /* Share */ = {
			isa = PBXGroup;
			children = (
				C1A01B180ECCAFFD86CA03DC /* ShareCardExportView.swift */,
				F5333C7F5668B3A528610929 /* ShareImageRenderer.swift */,
				C8D67C5A3B7757CB658FC79C /* ShareInputView.swift */,
				2983B4A85E736D2AAF0695F1 /* SharePreviewView.swift */,
			);
			path = Share;
			sourceTree = "<group>";
		};
		2ED4E3E40BFDC1BA7D003932 /* PPOI */ = {
			isa = PBXGroup;
			children = (
				2753EACBFE2AB3F2B9E83C82 /* App */,
				E661D3B5D8F856164FF08FDB /* Core */,
				4516D8A87C1AFA8F8AB6BC45 /* DesignSystem */,
				CAB745F8484AFC5F3A5D5B09 /* Features */,
				39E8AB8D04B79DBA011DB52D /* Resources */,
			);
			path = PPOI;
			sourceTree = "<group>";
		};
		33B5FF292E3CC50EB0D60416 /* Infrastructure */ = {
			isa = PBXGroup;
			children = (
				6AD8D91C0CD0277D9D2F8D22 /* Ads */,
				7DFDB1F06A35661C971541AD /* Firebase */,
				B85F69A0E531C8F22765C54D /* Notifications */,
			);
			path = Infrastructure;
			sourceTree = "<group>";
		};
		366D537DA279D34CC2DBCBA3 = {
			isa = PBXGroup;
			children = (
				2ED4E3E40BFDC1BA7D003932 /* PPOI */,
				7B40310CAF70FD934921AC47 /* Products */,
			);
			sourceTree = "<group>";
		};
		39E8AB8D04B79DBA011DB52D /* Resources */ = {
			isa = PBXGroup;
			children = (
				ECB37C104E698AF34C57C0C8 /* AdMobConfig.plist */,
				55CE50EB4B1959DC99A644C2 /* AdMobConfig.plist.example */,
				3D2B94E0769FBF39153271C5 /* Assets.xcassets */,
				4562785C1B80CEC9C926C082 /* GoogleService-Info.plist */,
				0616FC6F54125F00726DEA76 /* Info.plist */,
				872C270942B4BAD826A8B4FD /* PrivacyInfo.xcprivacy */,
			);
			path = Resources;
			sourceTree = "<group>";
		};
		4516D8A87C1AFA8F8AB6BC45 /* DesignSystem */ = {
			isa = PBXGroup;
			children = (
				4D8DEC05962BCB1FFB6ED0B3 /* AppTheme.swift */,
			);
			path = DesignSystem;
			sourceTree = "<group>";
		};
		55E8C07544A95A9A62C40E93 /* Persistence */ = {
			isa = PBXGroup;
			children = (
				032690C7BC7103662C23EBD3 /* UserDefaultsStore.swift */,
			);
			path = Persistence;
			sourceTree = "<group>";
		};
		6AD8D91C0CD0277D9D2F8D22 /* Ads */ = {
			isa = PBXGroup;
			children = (
				708397E0B484F088A6525778 /* AdMobCompliance.swift */,
				E78B995C5E74125775BE8BDB /* AdMobConfig.swift */,
			);
			path = Ads;
			sourceTree = "<group>";
		};
		70E5496C4406420220377672 /* Ads */ = {
			isa = PBXGroup;
			children = (
				1D7B92BEE30CCABC685EBFEA /* BannerAdView.swift */,
				8BE0DA3BF78E327EA8549303 /* InterstitialAdManager.swift */,
			);
			path = Ads;
			sourceTree = "<group>";
		};
		7B40310CAF70FD934921AC47 /* Products */ = {
			isa = PBXGroup;
			children = (
				907611180B0FD929890D3880 /* PPOI.app */,
			);
			name = Products;
			sourceTree = "<group>";
		};
		7DFDB1F06A35661C971541AD /* Firebase */ = {
			isa = PBXGroup;
			children = (
				239199C965EC3B0F0883A45D /* FirebaseBootstrap.swift */,
			);
			path = Firebase;
			sourceTree = "<group>";
		};
		81C0F911664E1AFE314B4BF2 /* Data */ = {
			isa = PBXGroup;
			children = (
				C5F2AA05EE3B9B02E08086CD /* QuoteService.swift */,
				914D5B6A2610BC145BCC75F8 /* Models */,
				A09C43AFA30B3797F6494E19 /* Repositories */,
			);
			path = Data;
			sourceTree = "<group>";
		};
		914D5B6A2610BC145BCC75F8 /* Models */ = {
			isa = PBXGroup;
			children = (
				97A14D291841BE4165B207D9 /* Quote.swift */,
				CA2B12EA70D5A6FEC5732CE4 /* ShareImageSpec.swift */,
			);
			path = Models;
			sourceTree = "<group>";
		};
		9F3FA51CDBF94DB540FF35BC /* Settings */ = {
			isa = PBXGroup;
			children = (
				F12366567DCABE2230E36064 /* SettingsView.swift */,
			);
			path = Settings;
			sourceTree = "<group>";
		};
		A09C43AFA30B3797F6494E19 /* Repositories */ = {
			isa = PBXGroup;
			children = (
				47074C53B9067EEFA5723DEB /* FirestoreQuoteRepository.swift */,
			);
			path = Repositories;
			sourceTree = "<group>";
		};
		B771FB9A5B84B903E4E64553 /* Quote */ = {
			isa = PBXGroup;
			children = (
				82D4E441E5CD4361296EF5C7 /* QuoteView.swift */,
				D8596BCF1978FD9FF0E21A31 /* QuoteViewModel.swift */,
			);
			path = Quote;
			sourceTree = "<group>";
		};
		B85F69A0E531C8F22765C54D /* Notifications */ = {
			isa = PBXGroup;
			children = (
				89015E8D2D903E966ED6C1C0 /* NotificationService.swift */,
			);
			path = Notifications;
			sourceTree = "<group>";
		};
		CAB745F8484AFC5F3A5D5B09 /* Features */ = {
			isa = PBXGroup;
			children = (
				70E5496C4406420220377672 /* Ads */,
				FA7BEA4E9F52733EA348CB33 /* Onboarding */,
				B771FB9A5B84B903E4E64553 /* Quote */,
				9F3FA51CDBF94DB540FF35BC /* Settings */,
				2CD6FC4B53645295394D82B8 /* Share */,
			);
			path = Features;
			sourceTree = "<group>";
		};
		E661D3B5D8F856164FF08FDB /* Core */ = {
			isa = PBXGroup;
			children = (
				81C0F911664E1AFE314B4BF2 /* Data */,
				33B5FF292E3CC50EB0D60416 /* Infrastructure */,
				55E8C07544A95A9A62C40E93 /* Persistence */,
				EA46553072321D3AFFC7F009 /* Security */,
			);
			path = Core;
			sourceTree = "<group>";
		};
		EA46553072321D3AFFC7F009 /* Security */ = {
			isa = PBXGroup;
			children = (
				5761243E6FD31A543F916323 /* ClipboardGuard.swift */,
				D21D593F06C501F4B6377DA7 /* InputSanitizer.swift */,
				3ABAD9927031E844CEEB55CC /* KeychainStore.swift */,
				2129E0A18303028FBA82BBC6 /* NetworkSecurity.swift */,
				46B5D8D84E2A91F483408B27 /* SecureLogger.swift */,
				2741BED2309AC34CE51CC877 /* SecureQuoteCache.swift */,
				DDCC0AF79376EBAB6250631A /* SecurityBlockedView.swift */,
				12F3126C00621087A315C8F3 /* SecurityGuard.swift */,
			);
			path = Security;
			sourceTree = "<group>";
		};
		FA7BEA4E9F52733EA348CB33 /* Onboarding */ = {
			isa = PBXGroup;
			children = (
				D425574337D98F126E997B31 /* OnboardingView.swift */,
			);
			path = Onboarding;
			sourceTree = "<group>";
		};
/* End PBXGroup section */

/* Begin PBXNativeTarget section */
		FF6EEA01DFC2EAE5FA9B39E4 /* PPOI */ = {
			isa = PBXNativeTarget;
			buildConfigurationList = EDA2A19BF79A26A9984A11DC /* Build configuration list for PBXNativeTarget "PPOI" */;
			buildPhases = (
				66022C46AC37DA89A02B0DB6 /* Sources */,
				324A7484163708FDC6F5B035 /* Resources */,
				7FAF1A042B91441C7C3CEB3C /* Frameworks */,
			);
			buildRules = (
			);
			dependencies = (
			);
			name = PPOI;
			packageProductDependencies = (
				C0E0B81DD81B866FA76C732C /* FirebaseFirestore */,
				773222A9BF038F22B2468A43 /* FirebaseAppCheck */,
				63CADF8F9BC9456177AF044E /* GoogleMobileAds */,
			);
			productName = PPOI;
			productReference = 907611180B0FD929890D3880 /* PPOI.app */;
			productType = "com.apple.product-type.application";
		};
/* End PBXNativeTarget section */

/* Begin PBXProject section */
		A00336A35CE37449FE641411 /* Project object */ = {
			isa = PBXProject;
			attributes = {
				BuildIndependentTargetsInParallel = YES;
				LastUpgradeCheck = 1600;
				TargetAttributes = {
					FF6EEA01DFC2EAE5FA9B39E4 = {
						DevelopmentTeam = NXFZ5AUX62;
						ProvisioningStyle = Automatic;
					};
				};
			};
			buildConfigurationList = 860C66DFF942F925C99058E4 /* Build configuration list for PBXProject "PPOI" */;
			developmentRegion = en;
			hasScannedForEncodings = 0;
			knownRegions = (
				Base,
				en,
			);
			mainGroup = 366D537DA279D34CC2DBCBA3;
			minimizedProjectReferenceProxies = 1;
			packageReferences = (
				21B780CF31DF9000BA33D24F /* XCRemoteSwiftPackageReference "firebase-ios-sdk" */,
				6959C036B6C5C380726963C9 /* XCRemoteSwiftPackageReference "swift-package-manager-google-mobile-ads" */,
			);
			preferredProjectObjectVersion = 77;
			productRefGroup = 7B40310CAF70FD934921AC47 /* Products */;
			projectDirPath = "";
			projectRoot = "";
			targets = (
				FF6EEA01DFC2EAE5FA9B39E4 /* PPOI */,
			);
		};
/* End PBXProject section */

/* Begin PBXResourcesBuildPhase section */
		324A7484163708FDC6F5B035 /* Resources */ = {
			isa = PBXResourcesBuildPhase;
			buildActionMask = 2147483647;
			files = (
				B2DDD37F7B8E4C6DA32027FD /* AdMobConfig.plist in Resources */,
				D869F6CA23B8EB4485A8B863 /* AdMobConfig.plist.example in Resources */,
				07D1325DD8DA9A76FB2B7A60 /* Assets.xcassets in Resources */,
				23D77FF1270F0C8BDF6A846D /* GoogleService-Info.plist in Resources */,
				7B846251038820F4DD1E8D99 /* PrivacyInfo.xcprivacy in Resources */,
			);
			runOnlyForDeploymentPostprocessing = 0;
		};
/* End PBXResourcesBuildPhase section */

/* Begin PBXSourcesBuildPhase section */
		66022C46AC37DA89A02B0DB6 /* Sources */ = {
			isa = PBXSourcesBuildPhase;
			buildActionMask = 2147483647;
			files = (
				85BDB01AB43B744CAD1CB505 /* AdMobCompliance.swift in Sources */,
				0DE29D84DB286135B186A40A /* AdMobConfig.swift in Sources */,
				27927917E5BF789D39657283 /* AppTheme.swift in Sources */,
				7476FAFE2462043448F500D8 /* BannerAdView.swift in Sources */,
				91EBEE0A53A9197A132332A9 /* ClipboardGuard.swift in Sources */,
				B38A82B8B7D72135F29F7F32 /* FirebaseBootstrap.swift in Sources */,
				877837B38AFFFA35F9108E2D /* FirestoreQuoteRepository.swift in Sources */,
				D77D307690E4F4871C38D61C /* InputSanitizer.swift in Sources */,
				D32B1F715850F7CED26D0A6E /* InterstitialAdManager.swift in Sources */,
				ABC515D48EF8C07FD16B7362 /* KeychainStore.swift in Sources */,
				8F083628FD02CD2C2109EF59 /* NetworkSecurity.swift in Sources */,
				16400909D3C81202D8B95355 /* NotificationService.swift in Sources */,
				67CDCA37DF7016399EE9B201 /* OnboardingView.swift in Sources */,
				7ADB89160F188F6A8945354D /* PPOIApp.swift in Sources */,
				0DBDFD7FCFCE40F704155E71 /* Quote.swift in Sources */,
				80A246980DF4C07B775DE66D /* QuoteService.swift in Sources */,
				65D531CEECE49D641885C0E4 /* QuoteView.swift in Sources */,
				9AA181139A10B7F894E3EF03 /* QuoteViewModel.swift in Sources */,
				C45B71C7361E759B73E92F79 /* RootView.swift in Sources */,
				F147770A444AB900B4AA188B /* SecureLogger.swift in Sources */,
				B3AAD54BE3631EF7FED92FEB /* SecureQuoteCache.swift in Sources */,
				BC2EA1BA5D439AF465CCEF8E /* SecurityBlockedView.swift in Sources */,
				3FA48DA650605866E1220910 /* SecurityGuard.swift in Sources */,
				5E661A54DA6D69BA2B456379 /* SettingsView.swift in Sources */,
				D2522ACFFB851B4D78E9A13F /* ShareCardExportView.swift in Sources */,
				FC1ADA05F7E33D94940B3041 /* ShareImageRenderer.swift in Sources */,
				4D34207FCF7ABEE2A2C85FD1 /* ShareImageSpec.swift in Sources */,
				BE16E45804404936A13914D2 /* ShareInputView.swift in Sources */,
				1CF62DE569E44E690070E0A8 /* SharePreviewView.swift in Sources */,
				D5CD63F646FC48EC3DC3CB7A /* UserDefaultsStore.swift in Sources */,
			);
			runOnlyForDeploymentPostprocessing = 0;
		};
/* End PBXSourcesBuildPhase section */

/* Begin XCBuildConfiguration section */
		72DC9721FFF0566B7190B6CC /* Debug */ = {
			isa = XCBuildConfiguration;
			buildSettings = {
				ASSETCATALOG_COMPILER_APPICON_NAME = AppIcon;
				ASSETCATALOG_COMPILER_GLOBAL_ACCENT_COLOR_NAME = AccentColor;
				CLANG_ENABLE_OBJC_ARC = YES;
				CLANG_WARN_EMPTY_BODY = YES;
				CLANG_WARN_UNREACHABLE_CODE = YES;
				CODE_SIGN_IDENTITY = "iPhone Developer";
				CODE_SIGN_STYLE = Automatic;
				COPY_PHASE_STRIP = YES;
				DEAD_CODE_STRIPPING = YES;
				ENABLE_BITCODE = NO;
				GCC_WARN_UNINITIALIZED_AUTOS = YES_AGGRESSIVE;
				GCC_WARN_UNUSED_FUNCTION = YES;
				GCC_WARN_UNUSED_VARIABLE = YES;
				GENERATE_INFOPLIST_FILE = YES;
				INFOPLIST_FILE = PPOI/Resources/Info.plist;
				LD_PIE = YES;
				LD_RUNPATH_SEARCH_PATHS = (
					"$(inherited)",
					"@executable_path/Frameworks",
				);
				PRODUCT_BUNDLE_IDENTIFIER = com.takahiro.ppoi;
				SDKROOT = iphoneos;
				STRIP_INSTALLED_PRODUCT = YES;
				STRIP_SWIFT_SYMBOLS = YES;
				SWIFT_ACTIVE_COMPILATION_CONDITIONS = DEBUG;
				SWIFT_OPTIMIZATION_LEVEL = "-Onone";
				TARGETED_DEVICE_FAMILY = "1,2";
			};
			name = Debug;
		};
		B8CDCDDB6367F26776700983 /* Release */ = {
			isa = XCBuildConfiguration;
			buildSettings = {
				ASSETCATALOG_COMPILER_APPICON_NAME = AppIcon;
				ASSETCATALOG_COMPILER_GLOBAL_ACCENT_COLOR_NAME = AccentColor;
				CLANG_ENABLE_OBJC_ARC = YES;
				CLANG_WARN_EMPTY_BODY = YES;
				CLANG_WARN_UNREACHABLE_CODE = YES;
				CODE_SIGN_IDENTITY = "iPhone Developer";
				CODE_SIGN_STYLE = Automatic;
				COPY_PHASE_STRIP = YES;
				DEAD_CODE_STRIPPING = YES;
				DEBUG_INFORMATION_FORMAT = "dwarf-with-dsym";
				DEPLOYMENT_POSTPROCESSING = YES;
				ENABLE_BITCODE = NO;
				GCC_WARN_UNINITIALIZED_AUTOS = YES_AGGRESSIVE;
				GCC_WARN_UNUSED_FUNCTION = YES;
				GCC_WARN_UNUSED_VARIABLE = YES;
				GENERATE_INFOPLIST_FILE = YES;
				INFOPLIST_FILE = PPOI/Resources/Info.plist;
				LD_PIE = YES;
				LD_RUNPATH_SEARCH_PATHS = (
					"$(inherited)",
					"@executable_path/Frameworks",
				);
				OTHER_CFLAGS = (
					"-fstack-protector-all",
					"-D_FORTIFY_SOURCE=2",
				);
				PRODUCT_BUNDLE_IDENTIFIER = com.takahiro.ppoi;
				SDKROOT = iphoneos;
				STRIP_INSTALLED_PRODUCT = YES;
				STRIP_SWIFT_SYMBOLS = YES;
				SWIFT_COMPILATION_MODE = wholemodule;
				SWIFT_OPTIMIZATION_LEVEL = "-O";
				TARGETED_DEVICE_FAMILY = "1,2";
			};
			name = Release;
		};
		F23DED371B6D983C2764DB4F /* Debug */ = {
			isa = XCBuildConfiguration;
			buildSettings = {
				ALWAYS_SEARCH_USER_PATHS = NO;
				CLANG_ANALYZER_NONNULL = YES;
				CLANG_ANALYZER_NUMBER_OBJECT_CONVERSION = YES_AGGRESSIVE;
				CLANG_CXX_LANGUAGE_STANDARD = "gnu++14";
				CLANG_CXX_LIBRARY = "libc++";
				CLANG_ENABLE_MODULES = YES;
				CLANG_ENABLE_OBJC_ARC = YES;
				CLANG_ENABLE_OBJC_WEAK = YES;
				CLANG_WARN_BLOCK_CAPTURE_AUTORELEASING = YES;
				CLANG_WARN_BOOL_CONVERSION = YES;
				CLANG_WARN_COMMA = YES;
				CLANG_WARN_CONSTANT_CONVERSION = YES;
				CLANG_WARN_DEPRECATED_OBJC_IMPLEMENTATIONS = YES;
				CLANG_WARN_DIRECT_OBJC_ISA_USAGE = YES_ERROR;
				CLANG_WARN_DOCUMENTATION_COMMENTS = YES;
				CLANG_WARN_EMPTY_BODY = YES;
				CLANG_WARN_ENUM_CONVERSION = YES;
				CLANG_WARN_INFINITE_RECURSION = YES;
				CLANG_WARN_INT_CONVERSION = YES;
				CLANG_WARN_NON_LITERAL_NULL_CONVERSION = YES;
				CLANG_WARN_OBJC_IMPLICIT_RETAIN_SELF = YES;
				CLANG_WARN_OBJC_LITERAL_CONVERSION = YES;
				CLANG_WARN_OBJC_ROOT_CLASS = YES_ERROR;
				CLANG_WARN_QUOTED_INCLUDE_IN_FRAMEWORK_HEADER = YES;
				CLANG_WARN_RANGE_LOOP_ANALYSIS = YES;
				CLANG_WARN_STRICT_PROTOTYPES = YES;
				CLANG_WARN_SUSPICIOUS_MOVE = YES;
				CLANG_WARN_UNGUARDED_AVAILABILITY = YES_AGGRESSIVE;
				CLANG_WARN_UNREACHABLE_CODE = YES;
				CLANG_WARN__DUPLICATE_METHOD_MATCH = YES;
				COPY_PHASE_STRIP = NO;
				CURRENT_PROJECT_VERSION = 3;
				DEBUG_INFORMATION_FORMAT = dwarf;
				DEVELOPMENT_TEAM = NXFZ5AUX62;
				ENABLE_STRICT_OBJC_MSGSEND = YES;
				ENABLE_TESTABILITY = YES;
				GCC_C_LANGUAGE_STANDARD = gnu11;
				GCC_DYNAMIC_NO_PIC = NO;
				GCC_GENERATE_POSITION_DEPENDENT_CODE = NO;
				GCC_NO_COMMON_BLOCKS = YES;
				GCC_OPTIMIZATION_LEVEL = 0;
				GCC_PREPROCESSOR_DEFINITIONS = (
					"$(inherited)",
					"DEBUG=1",
				);
				GCC_WARN_64_TO_32_BIT_CONVERSION = YES;
				GCC_WARN_ABOUT_RETURN_TYPE = YES_ERROR;
				GCC_WARN_UNDECLARED_SELECTOR = YES;
				GCC_WARN_UNINITIALIZED_AUTOS = YES_AGGRESSIVE;
				GCC_WARN_UNUSED_FUNCTION = YES;
				GCC_WARN_UNUSED_VARIABLE = YES;
				IPHONEOS_DEPLOYMENT_TARGET = 17.0;
				MARKETING_VERSION = 1.0.0;
				MTL_ENABLE_DEBUG_INFO = INCLUDE_SOURCE;
				MTL_FAST_MATH = YES;
				ONLY_ACTIVE_ARCH = YES;
				OTHER_CFLAGS = (
					"-fstack-protector-all",
				);
				PRODUCT_NAME = "$(TARGET_NAME)";
				SDKROOT = iphoneos;
				SWIFT_ACTIVE_COMPILATION_CONDITIONS = DEBUG;
				SWIFT_OPTIMIZATION_LEVEL = "-Onone";
				SWIFT_VERSION = 5.0;
				TARGETED_DEVICE_FAMILY = 1;
			};
			name = Debug;
		};
		FCF80AC65615623F95BC0A36 /* Release */ = {
			isa = XCBuildConfiguration;
			buildSettings = {
				ALWAYS_SEARCH_USER_PATHS = NO;
				CLANG_ANALYZER_NONNULL = YES;
				CLANG_ANALYZER_NUMBER_OBJECT_CONVERSION = YES_AGGRESSIVE;
				CLANG_CXX_LANGUAGE_STANDARD = "gnu++14";
				CLANG_CXX_LIBRARY = "libc++";
				CLANG_ENABLE_MODULES = YES;
				CLANG_ENABLE_OBJC_ARC = YES;
				CLANG_ENABLE_OBJC_WEAK = YES;
				CLANG_WARN_BLOCK_CAPTURE_AUTORELEASING = YES;
				CLANG_WARN_BOOL_CONVERSION = YES;
				CLANG_WARN_COMMA = YES;
				CLANG_WARN_CONSTANT_CONVERSION = YES;
				CLANG_WARN_DEPRECATED_OBJC_IMPLEMENTATIONS = YES;
				CLANG_WARN_DIRECT_OBJC_ISA_USAGE = YES_ERROR;
				CLANG_WARN_DOCUMENTATION_COMMENTS = YES;
				CLANG_WARN_EMPTY_BODY = YES;
				CLANG_WARN_ENUM_CONVERSION = YES;
				CLANG_WARN_INFINITE_RECURSION = YES;
				CLANG_WARN_INT_CONVERSION = YES;
				CLANG_WARN_NON_LITERAL_NULL_CONVERSION = YES;
				CLANG_WARN_OBJC_IMPLICIT_RETAIN_SELF = YES;
				CLANG_WARN_OBJC_LITERAL_CONVERSION = YES;
				CLANG_WARN_OBJC_ROOT_CLASS = YES_ERROR;
				CLANG_WARN_QUOTED_INCLUDE_IN_FRAMEWORK_HEADER = YES;
				CLANG_WARN_RANGE_LOOP_ANALYSIS = YES;
				CLANG_WARN_STRICT_PROTOTYPES = YES;
				CLANG_WARN_SUSPICIOUS_MOVE = YES;
				CLANG_WARN_UNGUARDED_AVAILABILITY = YES_AGGRESSIVE;
				CLANG_WARN_UNREACHABLE_CODE = YES;
				CLANG_WARN__DUPLICATE_METHOD_MATCH = YES;
				COPY_PHASE_STRIP = NO;
				CURRENT_PROJECT_VERSION = 3;
				DEBUG_INFORMATION_FORMAT = "dwarf-with-dsym";
				DEVELOPMENT_TEAM = NXFZ5AUX62;
				ENABLE_NS_ASSERTIONS = NO;
				ENABLE_STRICT_OBJC_MSGSEND = YES;
				GCC_C_LANGUAGE_STANDARD = gnu11;
				GCC_GENERATE_POSITION_DEPENDENT_CODE = NO;
				GCC_NO_COMMON_BLOCKS = YES;
				GCC_WARN_64_TO_32_BIT_CONVERSION = YES;
				GCC_WARN_ABOUT_RETURN_TYPE = YES_ERROR;
				GCC_WARN_UNDECLARED_SELECTOR = YES;
				GCC_WARN_UNINITIALIZED_AUTOS = YES_AGGRESSIVE;
				GCC_WARN_UNUSED_FUNCTION = YES;
				GCC_WARN_UNUSED_VARIABLE = YES;
				IPHONEOS_DEPLOYMENT_TARGET = 17.0;
				MARKETING_VERSION = 1.0.0;
				MTL_ENABLE_DEBUG_INFO = NO;
				MTL_FAST_MATH = YES;
				OTHER_CFLAGS = (
					"-fstack-protector-all",
				);
				PRODUCT_NAME = "$(TARGET_NAME)";
				SDKROOT = iphoneos;
				SWIFT_COMPILATION_MODE = wholemodule;
				SWIFT_OPTIMIZATION_LEVEL = "-O";
				SWIFT_VERSION = 5.0;
				TARGETED_DEVICE_FAMILY = 1;
			};
			name = Release;
		};
/* End XCBuildConfiguration section */

/* Begin XCConfigurationList section */
		860C66DFF942F925C99058E4 /* Build configuration list for PBXProject "PPOI" */ = {
			isa = XCConfigurationList;
			buildConfigurations = (
				F23DED371B6D983C2764DB4F /* Debug */,
				FCF80AC65615623F95BC0A36 /* Release */,
			);
			defaultConfigurationIsVisible = 0;
			defaultConfigurationName = Debug;
		};
		EDA2A19BF79A26A9984A11DC /* Build configuration list for PBXNativeTarget "PPOI" */ = {
			isa = XCConfigurationList;
			buildConfigurations = (
				72DC9721FFF0566B7190B6CC /* Debug */,
				B8CDCDDB6367F26776700983 /* Release */,
			);
			defaultConfigurationIsVisible = 0;
			defaultConfigurationName = Debug;
		};
/* End XCConfigurationList section */

/* Begin XCRemoteSwiftPackageReference section */
		21B780CF31DF9000BA33D24F /* XCRemoteSwiftPackageReference "firebase-ios-sdk" */ = {
			isa = XCRemoteSwiftPackageReference;
			repositoryURL = "https://github.com/firebase/firebase-ios-sdk";
			requirement = {
				kind = upToNextMajorVersion;
				minimumVersion = 10.29.0;
			};
		};
		6959C036B6C5C380726963C9 /* XCRemoteSwiftPackageReference "swift-package-manager-google-mobile-ads" */ = {
			isa = XCRemoteSwiftPackageReference;
			repositoryURL = "https://github.com/googleads/swift-package-manager-google-mobile-ads.git";
			requirement = {
				kind = upToNextMajorVersion;
				minimumVersion = 11.0.0;
			};
		};
/* End XCRemoteSwiftPackageReference section */

/* Begin XCSwiftPackageProductDependency section */
		63CADF8F9BC9456177AF044E /* GoogleMobileAds */ = {
			isa = XCSwiftPackageProductDependency;
			package = 6959C036B6C5C380726963C9 /* XCRemoteSwiftPackageReference "swift-package-manager-google-mobile-ads" */;
			productName = GoogleMobileAds;
		};
		773222A9BF038F22B2468A43 /* FirebaseAppCheck */ = {
			isa = XCSwiftPackageProductDependency;
			package = 21B780CF31DF9000BA33D24F /* XCRemoteSwiftPackageReference "firebase-ios-sdk" */;
			productName = FirebaseAppCheck;
		};
		C0E0B81DD81B866FA76C732C /* FirebaseFirestore */ = {
			isa = XCSwiftPackageProductDependency;
			package = 21B780CF31DF9000BA33D24F /* XCRemoteSwiftPackageReference "firebase-ios-sdk" */;
			productName = FirebaseFirestore;
		};
/* End XCSwiftPackageProductDependency section */
	};
	rootObject = A00336A35CE37449FE641411 /* Project object */;
}
