// !$*UTF8*$!
{
	archiveVersion = 1;
	classes = {
	};
	objectVersion = 77;
	objects = {

/* Begin PBXBuildFile section */
		07D1325DD8DA9A76FB2B7A60 /* Assets.xcassets in Resources */ = {isa = PBXBuildFile; fileRef = 3D2B94E0769FBF39153271C5 /* Assets.xcassets */; };
		0DBDFD7FCFCE40F704155E71 /* Quote.swift in Sources */ = {isa = PBXBuildFile; fileRef = 97A14D291841BE4165B207D9 /* Quote.swift */; };
		0DE29D84DB286135B186A40A /* AdMobConfig.swift in Sources */ = {isa = PBXBuildFile; fileRef = E78B995C5E74125775BE8BDB /* AdMobConfig.swift */; };
		117ED7F2ED4773B77FA66292 /* InviteManager.swift in Sources */ = {isa = PBXBuildFile; fileRef = AC6DF175351990541CA21A07 /* InviteManager.swift */; };
		16400909D3C81202D8B95355 /* NotificationService.swift in Sources */ = {isa = PBXBuildFile; fileRef = 89015E8D2D903E966ED6C1C0 /* NotificationService.swift */; };
		17A7731DB916B4752128BB31 /* ExpandableCard.swift in Sources */ = {isa = PBXBuildFile; fileRef = 8F92F84213240D1B9C08F2DE /* ExpandableCard.swift */; };
		18A92F12D4A2B28BE43EF1C9 /* MyPageView.swift in Sources */ = {isa = PBXBuildFile; fileRef = B7D9C1BCC7D015731EBBA324 /* MyPageView.swift */; };
		1CF62DE569E44E690070E0A8 /* SharePreviewView.swift in Sources */ = {isa = PBXBuildFile; fileRef = 2983B4A85E736D2AAF0695F1 /* SharePreviewView.swift */; };
		23D77FF1270F0C8BDF6A846D /* GoogleService-Info.plist in Resources */ = {isa = PBXBuildFile; fileRef = 4562785C1B80CEC9C926C082 /* GoogleService-Info.plist */; };
		24C4745F61A95A1E34DFDA94 /* ReviewPromptManager.swift in Sources */ = {isa = PBXBuildFile; fileRef = CF99969917A32AE6A87EC5BF /* ReviewPromptManager.swift */; };
		26208F1500F291AD33446779 /* MainTabView.swift in Sources */ = {isa = PBXBuildFile; fileRef = EBBA1A77D1996E116B7DA58B /* MainTabView.swift */; };
		27927917E5BF789D39657283 /* AppTheme.swift in Sources */ = {isa = PBXBuildFile; fileRef = 4D8DEC05962BCB1FFB6ED0B3 /* AppTheme.swift */; };
		2A4F5B13EDBBDECD60E224A8 /* ShareCardFontSizeTests.swift in Sources */ = {isa = PBXBuildFile; fileRef = EFDDAE8251455694C8D1BF80 /* ShareCardFontSizeTests.swift */; };
		2AEABAAA6A8AF470DF77DBFD /* ArchiveService.swift in Sources */ = {isa = PBXBuildFile; fileRef = C1DBAAB4B23812D36B7A819D /* ArchiveService.swift */; };
		2E606E24D8C177BC09C32F61 /* Radius.swift in Sources */ = {isa = PBXBuildFile; fileRef = F4C2B43F31563B4393CA3D51 /* Radius.swift */; };
		31102AC99308EEA1683B1FC7 /* QuoteServiceTests.swift in Sources */ = {isa = PBXBuildFile; fileRef = B40D68C1C22A01FE9EAB7D9F /* QuoteServiceTests.swift */; };
		35F804D051CF56670001FDA0 /* CalendarView.swift in Sources */ = {isa = PBXBuildFile; fileRef = EDE1F77F8DBF7E3B6D4CB115 /* CalendarView.swift */; };
		37C14E0BAC5806EED71ABD8D /* ShareRewardView.swift in Sources */ = {isa = PBXBuildFile; fileRef = 7042F2EC86A22FFB5E72568D /* ShareRewardView.swift */; };
		3A9369C1E9692D3247C9F5B2 /* XShareService.swift in Sources */ = {isa = PBXBuildFile; fileRef = 1181E9A05F17DC6EA9F2CA79 /* XShareService.swift */; };
		3C2C7BB82E3B17FD0420AFD5 /* FirebaseAppCheck in Frameworks */ = {isa = PBXBuildFile; productRef = 773222A9BF038F22B2468A43 /* FirebaseAppCheck */; };
		3FA48DA650605866E1220910 /* SecurityGuard.swift in Sources */ = {isa = PBXBuildFile; fileRef = 12F3126C00621087A315C8F3 /* SecurityGuard.swift */; };
		41599B81F10892508CF80ABB /* SharedQuoteStore.swift in Sources */ = {isa = PBXBuildFile; fileRef = 4439C1AA10684941D7D93C3E /* SharedQuoteStore.swift */; };
		47E9A8EB0BC70C27FE71E932 /* AchievementStore.swift in Sources */ = {isa = PBXBuildFile; fileRef = 438F041FA453DE3B9799290F /* AchievementStore.swift */; };
		4D34207FCF7ABEE2A2C85FD1 /* ShareImageSpec.swift in Sources */ = {isa = PBXBuildFile; fileRef = CA2B12EA70D5A6FEC5732CE4 /* ShareImageSpec.swift */; };
		530018EBB479EE1F0CF7429E /* ScreenshotExportTests.swift in Sources */ = {isa = PBXBuildFile; fileRef = 3900BBD69D3D51ADE7449DA8 /* ScreenshotExportTests.swift */; };
		539B616AEA95AD28096BCF82 /* QuoteFont.swift in Sources */ = {isa = PBXBuildFile; fileRef = AED1E5ACB423270BA0FEDCDB /* QuoteFont.swift */; };
		5E661A54DA6D69BA2B456379 /* SettingsView.swift in Sources */ = {isa = PBXBuildFile; fileRef = F12366567DCABE2230E36064 /* SettingsView.swift */; };
		65D531CEECE49D641885C0E4 /* QuoteView.swift in Sources */ = {isa = PBXBuildFile; fileRef = 82D4E441E5CD4361296EF5C7 /* QuoteView.swift */; };
		67CDCA37DF7016399EE9B201 /* OnboardingView.swift in Sources */ = {isa = PBXBuildFile; fileRef = D425574337D98F126E997B31 /* OnboardingView.swift */; };
		68DD63FD087328DC6555A777 /* FirebaseFirestore in Frameworks */ = {isa = PBXBuildFile; productRef = C0E0B81DD81B866FA76C732C /* FirebaseFirestore */; };
		696BCD29E86B69E5B200A3DE /* UserDefaultsStoreTests.swift in Sources */ = {isa = PBXBuildFile; fileRef = EA0BB6747EAA4E4533DA4106 /* UserDefaultsStoreTests.swift */; };
		6A4DDCDE73D70F190700FAC2 /* PPOIWidget.appex in Embed Foundation Extensions */ = {isa = PBXBuildFile; fileRef = 97C2BB1018151F2611C15818 /* PPOIWidget.appex */; settings = {ATTRIBUTES = (RemoveHeadersOnCopy, ); }; };
		7476FAFE2462043448F500D8 /* BannerAdView.swift in Sources */ = {isa = PBXBuildFile; fileRef = 1D7B92BEE30CCABC685EBFEA /* BannerAdView.swift */; };
		764A6A019DA66A016DAE2E7A /* ThemedBackground.swift in Sources */ = {isa = PBXBuildFile; fileRef = E872D8C9185C483B98562104 /* ThemedBackground.swift */; };
		7ADB89160F188F6A8945354D /* PPOIApp.swift in Sources */ = {isa = PBXBuildFile; fileRef = 54D8E6A99300F6695F1011A8 /* PPOIApp.swift */; };
		7B846251038820F4DD1E8D99 /* PrivacyInfo.xcprivacy in Resources */ = {isa = PBXBuildFile; fileRef = 872C270942B4BAD826A8B4FD /* PrivacyInfo.xcprivacy */; };
		7CAFF5EB213D3D115B31EE43 /* GoogleMobileAds in Frameworks */ = {isa = PBXBuildFile; productRef = 63CADF8F9BC9456177AF044E /* GoogleMobileAds */; };
		7E99BD8423BB1CDB3AC79DF6 /* FavoritesStore.swift in Sources */ = {isa = PBXBuildFile; fileRef = 412C66DEA80A24C975ACD218 /* FavoritesStore.swift */; };
		80A246980DF4C07B775DE66D /* QuoteService.swift in Sources */ = {isa = PBXBuildFile; fileRef = C5F2AA05EE3B9B02E08086CD /* QuoteService.swift */; };
		84C48E0F0FF38110672C6AAB /* SharedQuoteStore.swift in Sources */ = {isa = PBXBuildFile; fileRef = 4439C1AA10684941D7D93C3E /* SharedQuoteStore.swift */; };
		8508E9A0565035FF4748481E /* PaywallView.swift in Sources */ = {isa = PBXBuildFile; fileRef = 136966B4C4FEA96E0D519B54 /* PaywallView.swift */; };
		85BDB01AB43B744CAD1CB505 /* AdMobCompliance.swift in Sources */ = {isa = PBXBuildFile; fileRef = 708397E0B484F088A6525778 /* AdMobCompliance.swift */; };
		85CD20E638598F23CA26B2B0 /* DailyQuestionView.swift in Sources */ = {isa = PBXBuildFile; fileRef = 6CB0E111520602088F780957 /* DailyQuestionView.swift */; };
		877837B38AFFFA35F9108E2D /* FirestoreQuoteRepository.swift in Sources */ = {isa = PBXBuildFile; fileRef = 47074C53B9067EEFA5723DEB /* FirestoreQuoteRepository.swift */; };
		8884E0225B187176D7A2D91F /* JournalStore.swift in Sources */ = {isa = PBXBuildFile; fileRef = 65552D66D062BFE38ABFE99B /* JournalStore.swift */; };
		8CFC090D554A301CD18AB701 /* FavoritesView.swift in Sources */ = {isa = PBXBuildFile; fileRef = 9D3FF2498FB65E86DDE506CE /* FavoritesView.swift */; };
		8D7914B443787F4DAC6DBFA0 /* StreakTracker.swift in Sources */ = {isa = PBXBuildFile; fileRef = AD06C2268F79E8AB31ABD84A /* StreakTracker.swift */; };
		8D7E6741BD4A8377BF1B7731 /* VoteView.swift in Sources */ = {isa = PBXBuildFile; fileRef = 8E70809F1F065D3DD37DC283 /* VoteView.swift */; };
		8F083628FD02CD2C2109EF59 /* NetworkSecurity.swift in Sources */ = {isa = PBXBuildFile; fileRef = 2129E0A18303028FBA82BBC6 /* NetworkSecurity.swift */; };
		91D4FC8C143552B7A8311729 /* ExploreView.swift in Sources */ = {isa = PBXBuildFile; fileRef = 3EA286EC36BA6C4A1795EA85 /* ExploreView.swift */; };
		91EBEE0A53A9197A132332A9 /* ClipboardGuard.swift in Sources */ = {isa = PBXBuildFile; fileRef = 5761243E6FD31A543F916323 /* ClipboardGuard.swift */; };
		93D657731E768CAA56F371D1 /* QuoteViewModelTests.swift in Sources */ = {isa = PBXBuildFile; fileRef = 1C1D0D2D2E2914E9E204C5E8 /* QuoteViewModelTests.swift */; };
		9AA181139A10B7F894E3EF03 /* QuoteViewModel.swift in Sources */ = {isa = PBXBuildFile; fileRef = D8596BCF1978FD9FF0E21A31 /* QuoteViewModel.swift */; };
		9C59B0C2BC48389DF61EA4E6 /* JournalHistoryView.swift in Sources */ = {isa = PBXBuildFile; fileRef = 25CA75EC74BE5AAD3AEE3B3D /* JournalHistoryView.swift */; };
		A1779B372E66D4FF0EF3A0D8 /* InterpretationView.swift in Sources */ = {isa = PBXBuildFile; fileRef = DBE1EE5F552A1DBC18DB861A /* InterpretationView.swift */; };
		A506E5993C5C26370738C196 /* PPOIWidget.swift in Sources */ = {isa = PBXBuildFile; fileRef = AB0E26FAAF3E15912F09DB89 /* PPOIWidget.swift */; };
		A686412F47309F3C2466BA9A /* UserPreferencesStore.swift in Sources */ = {isa = PBXBuildFile; fileRef = 4A5DB9E4245C2FCB2EFA3590 /* UserPreferencesStore.swift */; };
		A92DD153313887E922989226 /* FakeAuthorGenerator.swift in Sources */ = {isa = PBXBuildFile; fileRef = EA87AB987C0D77CE63ECCCFA /* FakeAuthorGenerator.swift */; };
		AB139B9DC782168B7F2AA264 /* RankingService.swift in Sources */ = {isa = PBXBuildFile; fileRef = B949F1514022AD21070DF7DD /* RankingService.swift */; };
		ABC515D48EF8C07FD16B7362 /* KeychainStore.swift in Sources */ = {isa = PBXBuildFile; fileRef = 3ABAD9927031E844CEEB55CC /* KeychainStore.swift */; };
		ACEE4DEF524B42E06ABA3533 /* QuoteCategory.swift in Sources */ = {isa = PBXBuildFile; fileRef = 8C72B9EE4C90857BBC7142B8 /* QuoteCategory.swift */; };
		AE6B002C8F2B31056B3FC7AC /* VoteService.swift in Sources */ = {isa = PBXBuildFile; fileRef = E7D8552F15FEA725E6C6ED52 /* VoteService.swift */; };
		B2DDD37F7B8E4C6DA32027FD /* AdMobConfig.plist in Resources */ = {isa = PBXBuildFile; fileRef = ECB37C104E698AF34C57C0C8 /* AdMobConfig.plist */; };
		B38A82B8B7D72135F29F7F32 /* FirebaseBootstrap.swift in Sources */ = {isa = PBXBuildFile; fileRef = 239199C965EC3B0F0883A45D /* FirebaseBootstrap.swift */; };
		B3AAD54BE3631EF7FED92FEB /* SecureQuoteCache.swift in Sources */ = {isa = PBXBuildFile; fileRef = 2741BED2309AC34CE51CC877 /* SecureQuoteCache.swift */; };
		BC2EA1BA5D439AF465CCEF8E /* SecurityBlockedView.swift in Sources */ = {isa = PBXBuildFile; fileRef = DDCC0AF79376EBAB6250631A /* SecurityBlockedView.swift */; };
		BE16E45804404936A13914D2 /* ShareInputView.swift in Sources */ = {isa = PBXBuildFile; fileRef = C8D67C5A3B7757CB658FC79C /* ShareInputView.swift */; };
		C03DF57777A9BDEDCADF5742 /* WeeklyRankingView.swift in Sources */ = {isa = PBXBuildFile; fileRef = 8FDFF7D5562121E8B025EAA6 /* WeeklyRankingView.swift */; };
		C45B71C7361E759B73E92F79 /* RootView.swift in Sources */ = {isa = PBXBuildFile; fileRef = D2D34EF85C18777E38ED96B8 /* RootView.swift */; };
		C8EEB6643E79FDC6E8076021 /* Achievement.swift in Sources */ = {isa = PBXBuildFile; fileRef = 8DA161E11E7B93384CCA3629 /* Achievement.swift */; };
		D2522ACFFB851B4D78E9A13F /* ShareCardExportView.swift in Sources */ = {isa = PBXBuildFile; fileRef = C1A01B180ECCAFFD86CA03DC /* ShareCardExportView.swift */; };
		D32B1F715850F7CED26D0A6E /* InterstitialAdManager.swift in Sources */ = {isa = PBXBuildFile; fileRef = 8BE0DA3BF78E327EA8549303 /* InterstitialAdManager.swift */; };
		D77D307690E4F4871C38D61C /* InputSanitizer.swift in Sources */ = {isa = PBXBuildFile; fileRef = D21D593F06C501F4B6377DA7 /* InputSanitizer.swift */; };
		D869F6CA23B8EB4485A8B863 /* AdMobConfig.plist.example in Resources */ = {isa = PBXBuildFile; fileRef = 55CE50EB4B1959DC99A644C2 /* AdMobConfig.plist.example */; };
		DC377DBEC6CFD02070A94BFC /* StoreManager.swift in Sources */ = {isa = PBXBuildFile; fileRef = F3661297910F52D526EC3A0F /* StoreManager.swift */; };
		E8B0C0FD9058E83FA298A317 /* Spacing.swift in Sources */ = {isa = PBXBuildFile; fileRef = 0D72FE9097678D2EFD6641F9 /* Spacing.swift */; };
		EA46558E3499E42ADA03B4C3 /* TrackingPermission.swift in Sources */ = {isa = PBXBuildFile; fileRef = 1E68A89B0B76C251E35C408F /* TrackingPermission.swift */; };
		EADF687CFEAF79F184AFACE4 /* RewardUnlocker.swift in Sources */ = {isa = PBXBuildFile; fileRef = 043A84C88E80D5864ED8912A /* RewardUnlocker.swift */; };
		EFF2C227B3CFBA3BAED1B8B4 /* JSTDate.swift in Sources */ = {isa = PBXBuildFile; fileRef = B09FCDAB0630E7B7DDBFCD1B /* JSTDate.swift */; };
		F147770A444AB900B4AA188B /* SecureLogger.swift in Sources */ = {isa = PBXBuildFile; fileRef = 46B5D8D84E2A91F483408B27 /* SecureLogger.swift */; };
		F33D6DE409BD976205D1BA23 /* AppStrings.swift in Sources */ = {isa = PBXBuildFile; fileRef = C803E48325950C9EEBD31F4D /* AppStrings.swift */; };
		F5625B8E712264FA7000321C /* QuoteDetailView.swift in Sources */ = {isa = PBXBuildFile; fileRef = 5CB1D3A1F7D77E44E5A7AB04 /* QuoteDetailView.swift */; };
		F8D190978DB25A3B9E23E0B5 /* JournalEntryView.swift in Sources */ = {isa = PBXBuildFile; fileRef = 97FCEE96B22C58ACFF145142 /* JournalEntryView.swift */; };
		FAF29AB05011236DC986471D /* ArchiveView.swift in Sources */ = {isa = PBXBuildFile; fileRef = 7C6CFD57DA8DA68E050021D3 /* ArchiveView.swift */; };
		FC1ADA05F7E33D94940B3041 /* ShareImageRenderer.swift in Sources */ = {isa = PBXBuildFile; fileRef = F5333C7F5668B3A528610929 /* ShareImageRenderer.swift */; };
/* End PBXBuildFile section */

/* Begin PBXContainerItemProxy section */
		ADDB6BB3592E3E8F990AE35F /* PBXContainerItemProxy */ = {
			isa = PBXContainerItemProxy;
			containerPortal = A00336A35CE37449FE641411 /* Project object */;
			proxyType = 1;
			remoteGlobalIDString = A75C288429942C05F0696F38;
			remoteInfo = PPOIWidget;
		};
		E0E0014EA841190CF9FBE937 /* PBXContainerItemProxy */ = {
			isa = PBXContainerItemProxy;
			containerPortal = A00336A35CE37449FE641411 /* Project object */;
			proxyType = 1;
			remoteGlobalIDString = FF6EEA01DFC2EAE5FA9B39E4;
			remoteInfo = PPOI;
		};
		EF65EDB6DDB850060AD2938C /* PBXContainerItemProxy */ = {
			isa = PBXContainerItemProxy;
			containerPortal = A00336A35CE37449FE641411 /* Project object */;
			proxyType = 1;
			remoteGlobalIDString = FF6EEA01DFC2EAE5FA9B39E4;
			remoteInfo = PPOI;
		};
/* End PBXContainerItemProxy section */

/* Begin PBXCopyFilesBuildPhase section */
		8A8CE0A28BEC9E10272D3571 /* Embed Foundation Extensions */ = {
			isa = PBXCopyFilesBuildPhase;
			buildActionMask = 2147483647;
			dstPath = "";
			dstSubfolderSpec = 13;
			files = (
				6A4DDCDE73D70F190700FAC2 /* PPOIWidget.appex in Embed Foundation Extensions */,
			);
			name = "Embed Foundation Extensions";
			runOnlyForDeploymentPostprocessing = 0;
		};
/* End PBXCopyFilesBuildPhase section */

/* Begin PBXFileReference section */
		043A84C88E80D5864ED8912A /* RewardUnlocker.swift */ = {isa = PBXFileReference; lastKnownFileType = sourcecode.swift; path = RewardUnlocker.swift; sourceTree = "<group>"; };
		0616FC6F54125F00726DEA76 /* Info.plist */ = {isa = PBXFileReference; lastKnownFileType = text.plist; path = Info.plist; sourceTree = "<group>"; };
		0D72FE9097678D2EFD6641F9 /* Spacing.swift */ = {isa = PBXFileReference; lastKnownFileType = sourcecode.swift; path = Spacing.swift; sourceTree = "<group>"; };
		1181E9A05F17DC6EA9F2CA79 /* XShareService.swift */ = {isa = PBXFileReference; lastKnownFileType = sourcecode.swift; path = XShareService.swift; sourceTree = "<group>"; };
		12F3126C00621087A315C8F3 /* SecurityGuard.swift */ = {isa = PBXFileReference; lastKnownFileType = sourcecode.swift; path = SecurityGuard.swift; sourceTree = "<group>"; };
		136966B4C4FEA96E0D519B54 /* PaywallView.swift */ = {isa = PBXFileReference; lastKnownFileType = sourcecode.swift; path = PaywallView.swift; sourceTree = "<group>"; };
		1C1D0D2D2E2914E9E204C5E8 /* QuoteViewModelTests.swift */ = {isa = PBXFileReference; lastKnownFileType = sourcecode.swift; path = QuoteViewModelTests.swift; sourceTree = "<group>"; };
		1D7B92BEE30CCABC685EBFEA /* BannerAdView.swift */ = {isa = PBXFileReference; lastKnownFileType = sourcecode.swift; path = BannerAdView.swift; sourceTree = "<group>"; };
		1E68A89B0B76C251E35C408F /* TrackingPermission.swift */ = {isa = PBXFileReference; lastKnownFileType = sourcecode.swift; path = TrackingPermission.swift; sourceTree = "<group>"; };
		2129E0A18303028FBA82BBC6 /* NetworkSecurity.swift */ = {isa = PBXFileReference; lastKnownFileType = sourcecode.swift; path = NetworkSecurity.swift; sourceTree = "<group>"; };
		239199C965EC3B0F0883A45D /* FirebaseBootstrap.swift */ = {isa = PBXFileReference; lastKnownFileType = sourcecode.swift; path = FirebaseBootstrap.swift; sourceTree = "<group>"; };
		25CA75EC74BE5AAD3AEE3B3D /* JournalHistoryView.swift */ = {isa = PBXFileReference; lastKnownFileType = sourcecode.swift; path = JournalHistoryView.swift; sourceTree = "<group>"; };
		2741BED2309AC34CE51CC877 /* SecureQuoteCache.swift */ = {isa = PBXFileReference; lastKnownFileType = sourcecode.swift; path = SecureQuoteCache.swift; sourceTree = "<group>"; };
		2983B4A85E736D2AAF0695F1 /* SharePreviewView.swift */ = {isa = PBXFileReference; lastKnownFileType = sourcecode.swift; path = SharePreviewView.swift; sourceTree = "<group>"; };
		3900BBD69D3D51ADE7449DA8 /* ScreenshotExportTests.swift */ = {isa = PBXFileReference; lastKnownFileType = sourcecode.swift; path = ScreenshotExportTests.swift; sourceTree = "<group>"; };
		3ABAD9927031E844CEEB55CC /* KeychainStore.swift */ = {isa = PBXFileReference; lastKnownFileType = sourcecode.swift; path = KeychainStore.swift; sourceTree = "<group>"; };
		3D2B94E0769FBF39153271C5 /* Assets.xcassets */ = {isa = PBXFileReference; lastKnownFileType = folder.assetcatalog; path = Assets.xcassets; sourceTree = "<group>"; };
		3EA286EC36BA6C4A1795EA85 /* ExploreView.swift */ = {isa = PBXFileReference; lastKnownFileType = sourcecode.swift; path = ExploreView.swift; sourceTree = "<group>"; };
		409527B251AE78247E2895D2 /* PPOIScreenshotTests.xctest */ = {isa = PBXFileReference; includeInIndex = 0; lastKnownFileType = wrapper.cfbundle; path = PPOIScreenshotTests.xctest; sourceTree = BUILT_PRODUCTS_DIR; };
		412C66DEA80A24C975ACD218 /* FavoritesStore.swift */ = {isa = PBXFileReference; lastKnownFileType = sourcecode.swift; path = FavoritesStore.swift; sourceTree = "<group>"; };
		438F041FA453DE3B9799290F /* AchievementStore.swift */ = {isa = PBXFileReference; lastKnownFileType = sourcecode.swift; path = AchievementStore.swift; sourceTree = "<group>"; };
		4439C1AA10684941D7D93C3E /* SharedQuoteStore.swift */ = {isa = PBXFileReference; lastKnownFileType = sourcecode.swift; path = SharedQuoteStore.swift; sourceTree = "<group>"; };
		4562785C1B80CEC9C926C082 /* GoogleService-Info.plist */ = {isa = PBXFileReference; lastKnownFileType = text.plist; path = "GoogleService-Info.plist"; sourceTree = "<group>"; };
		46B5D8D84E2A91F483408B27 /* SecureLogger.swift */ = {isa = PBXFileReference; lastKnownFileType = sourcecode.swift; path = SecureLogger.swift; sourceTree = "<group>"; };
		47074C53B9067EEFA5723DEB /* FirestoreQuoteRepository.swift */ = {isa = PBXFileReference; lastKnownFileType = sourcecode.swift; path = FirestoreQuoteRepository.swift; sourceTree = "<group>"; };
		4A5DB9E4245C2FCB2EFA3590 /* UserPreferencesStore.swift */ = {isa = PBXFileReference; lastKnownFileType = sourcecode.swift; path = UserPreferencesStore.swift; sourceTree = "<group>"; };
		4D8DEC05962BCB1FFB6ED0B3 /* AppTheme.swift */ = {isa = PBXFileReference; lastKnownFileType = sourcecode.swift; path = AppTheme.swift; sourceTree = "<group>"; };
		54D8E6A99300F6695F1011A8 /* PPOIApp.swift */ = {isa = PBXFileReference; lastKnownFileType = sourcecode.swift; path = PPOIApp.swift; sourceTree = "<group>"; };
		55CE50EB4B1959DC99A644C2 /* AdMobConfig.plist.example */ = {isa = PBXFileReference; path = AdMobConfig.plist.example; sourceTree = "<group>"; };
		5761243E6FD31A543F916323 /* ClipboardGuard.swift */ = {isa = PBXFileReference; lastKnownFileType = sourcecode.swift; path = ClipboardGuard.swift; sourceTree = "<group>"; };
		580FF6E734D87844E9A9C0D4 /* PPOIWidget.entitlements */ = {isa = PBXFileReference; lastKnownFileType = text.plist.entitlements; path = PPOIWidget.entitlements; sourceTree = "<group>"; };
		5CB1D3A1F7D77E44E5A7AB04 /* QuoteDetailView.swift */ = {isa = PBXFileReference; lastKnownFileType = sourcecode.swift; path = QuoteDetailView.swift; sourceTree = "<group>"; };
		65552D66D062BFE38ABFE99B /* JournalStore.swift */ = {isa = PBXFileReference; lastKnownFileType = sourcecode.swift; path = JournalStore.swift; sourceTree = "<group>"; };
		6C16F8117384ED7A65DF12A5 /* PPOITests.xctest */ = {isa = PBXFileReference; includeInIndex = 0; lastKnownFileType = wrapper.cfbundle; path = PPOITests.xctest; sourceTree = BUILT_PRODUCTS_DIR; };
		6CB0E111520602088F780957 /* DailyQuestionView.swift */ = {isa = PBXFileReference; lastKnownFileType = sourcecode.swift; path = DailyQuestionView.swift; sourceTree = "<group>"; };
		7042F2EC86A22FFB5E72568D /* ShareRewardView.swift */ = {isa = PBXFileReference; lastKnownFileType = sourcecode.swift; path = ShareRewardView.swift; sourceTree = "<group>"; };
		708397E0B484F088A6525778 /* AdMobCompliance.swift */ = {isa = PBXFileReference; lastKnownFileType = sourcecode.swift; path = AdMobCompliance.swift; sourceTree = "<group>"; };
		7C6CFD57DA8DA68E050021D3 /* ArchiveView.swift */ = {isa = PBXFileReference; lastKnownFileType = sourcecode.swift; path = ArchiveView.swift; sourceTree = "<group>"; };
		82D4E441E5CD4361296EF5C7 /* QuoteView.swift */ = {isa = PBXFileReference; lastKnownFileType = sourcecode.swift; path = QuoteView.swift; sourceTree = "<group>"; };
		872C270942B4BAD826A8B4FD /* PrivacyInfo.xcprivacy */ = {isa = PBXFileReference; path = PrivacyInfo.xcprivacy; sourceTree = "<group>"; };
		89015E8D2D903E966ED6C1C0 /* NotificationService.swift */ = {isa = PBXFileReference; lastKnownFileType = sourcecode.swift; path = NotificationService.swift; sourceTree = "<group>"; };
		8BE0DA3BF78E327EA8549303 /* InterstitialAdManager.swift */ = {isa = PBXFileReference; lastKnownFileType = sourcecode.swift; path = InterstitialAdManager.swift; sourceTree = "<group>"; };
		8C72B9EE4C90857BBC7142B8 /* QuoteCategory.swift */ = {isa = PBXFileReference; lastKnownFileType = sourcecode.swift; path = QuoteCategory.swift; sourceTree = "<group>"; };
		8DA161E11E7B93384CCA3629 /* Achievement.swift */ = {isa = PBXFileReference; lastKnownFileType = sourcecode.swift; path = Achievement.swift; sourceTree = "<group>"; };
		8E70809F1F065D3DD37DC283 /* VoteView.swift */ = {isa = PBXFileReference; lastKnownFileType = sourcecode.swift; path = VoteView.swift; sourceTree = "<group>"; };
		8F92F84213240D1B9C08F2DE /* ExpandableCard.swift */ = {isa = PBXFileReference; lastKnownFileType = sourcecode.swift; path = ExpandableCard.swift; sourceTree = "<group>"; };
		8FDFF7D5562121E8B025EAA6 /* WeeklyRankingView.swift */ = {isa = PBXFileReference; lastKnownFileType = sourcecode.swift; path = WeeklyRankingView.swift; sourceTree = "<group>"; };
		907611180B0FD929890D3880 /* PPOI.app */ = {isa = PBXFileReference; includeInIndex = 0; lastKnownFileType = wrapper.application; path = PPOI.app; sourceTree = BUILT_PRODUCTS_DIR; };
		97A14D291841BE4165B207D9 /* Quote.swift */ = {isa = PBXFileReference; lastKnownFileType = sourcecode.swift; path = Quote.swift; sourceTree = "<group>"; };
		97C2BB1018151F2611C15818 /* PPOIWidget.appex */ = {isa = PBXFileReference; includeInIndex = 0; lastKnownFileType = "wrapper.app-extension"; path = PPOIWidget.appex; sourceTree = BUILT_PRODUCTS_DIR; };
		97FCEE96B22C58ACFF145142 /* JournalEntryView.swift */ = {isa = PBXFileReference; lastKnownFileType = sourcecode.swift; path = JournalEntryView.swift; sourceTree = "<group>"; };
		9D3FF2498FB65E86DDE506CE /* FavoritesView.swift */ = {isa = PBXFileReference; lastKnownFileType = sourcecode.swift; path = FavoritesView.swift; sourceTree = "<group>"; };
		AB0E26FAAF3E15912F09DB89 /* PPOIWidget.swift */ = {isa = PBXFileReference; lastKnownFileType = sourcecode.swift; path = PPOIWidget.swift; sourceTree = "<group>"; };
		AC6DF175351990541CA21A07 /* InviteManager.swift */ = {isa = PBXFileReference; lastKnownFileType = sourcecode.swift; path = InviteManager.swift; sourceTree = "<group>"; };
		AD06C2268F79E8AB31ABD84A /* StreakTracker.swift */ = {isa = PBXFileReference; lastKnownFileType = sourcecode.swift; path = StreakTracker.swift; sourceTree = "<group>"; };
		AED1E5ACB423270BA0FEDCDB /* QuoteFont.swift */ = {isa = PBXFileReference; lastKnownFileType = sourcecode.swift; path = QuoteFont.swift; sourceTree = "<group>"; };
		B09FCDAB0630E7B7DDBFCD1B /* JSTDate.swift */ = {isa = PBXFileReference; lastKnownFileType = sourcecode.swift; path = JSTDate.swift; sourceTree = "<group>"; };
		B40D68C1C22A01FE9EAB7D9F /* QuoteServiceTests.swift */ = {isa = PBXFileReference; lastKnownFileType = sourcecode.swift; path = QuoteServiceTests.swift; sourceTree = "<group>"; };
		B7D9C1BCC7D015731EBBA324 /* MyPageView.swift */ = {isa = PBXFileReference; lastKnownFileType = sourcecode.swift; path = MyPageView.swift; sourceTree = "<group>"; };
		B949F1514022AD21070DF7DD /* RankingService.swift */ = {isa = PBXFileReference; lastKnownFileType = sourcecode.swift; path = RankingService.swift; sourceTree = "<group>"; };
		C1A01B180ECCAFFD86CA03DC /* ShareCardExportView.swift */ = {isa = PBXFileReference; lastKnownFileType = sourcecode.swift; path = ShareCardExportView.swift; sourceTree = "<group>"; };
		C1DBAAB4B23812D36B7A819D /* ArchiveService.swift */ = {isa = PBXFileReference; lastKnownFileType = sourcecode.swift; path = ArchiveService.swift; sourceTree = "<group>"; };
		C5F2AA05EE3B9B02E08086CD /* QuoteService.swift */ = {isa = PBXFileReference; lastKnownFileType = sourcecode.swift; path = QuoteService.swift; sourceTree = "<group>"; };
		C7276A7511EED7B31013D399 /* PPOI.entitlements */ = {isa = PBXFileReference; lastKnownFileType = text.plist.entitlements; path = PPOI.entitlements; sourceTree = "<group>"; };
		C803E48325950C9EEBD31F4D /* AppStrings.swift */ = {isa = PBXFileReference; lastKnownFileType = sourcecode.swift; path = AppStrings.swift; sourceTree = "<group>"; };
		C8D67C5A3B7757CB658FC79C /* ShareInputView.swift */ = {isa = PBXFileReference; lastKnownFileType = sourcecode.swift; path = ShareInputView.swift; sourceTree = "<group>"; };
		CA2B12EA70D5A6FEC5732CE4 /* ShareImageSpec.swift */ = {isa = PBXFileReference; lastKnownFileType = sourcecode.swift; path = ShareImageSpec.swift; sourceTree = "<group>"; };
		CF99969917A32AE6A87EC5BF /* ReviewPromptManager.swift */ = {isa = PBXFileReference; lastKnownFileType = sourcecode.swift; path = ReviewPromptManager.swift; sourceTree = "<group>"; };
		D21D593F06C501F4B6377DA7 /* InputSanitizer.swift */ = {isa = PBXFileReference; lastKnownFileType = sourcecode.swift; path = InputSanitizer.swift; sourceTree = "<group>"; };
		D2D34EF85C18777E38ED96B8 /* RootView.swift */ = {isa = PBXFileReference; lastKnownFileType = sourcecode.swift; path = RootView.swift; sourceTree = "<group>"; };
		D425574337D98F126E997B31 /* OnboardingView.swift */ = {isa = PBXFileReference; lastKnownFileType = sourcecode.swift; path = OnboardingView.swift; sourceTree = "<group>"; };
		D8596BCF1978FD9FF0E21A31 /* QuoteViewModel.swift */ = {isa = PBXFileReference; lastKnownFileType = sourcecode.swift; path = QuoteViewModel.swift; sourceTree = "<group>"; };
		DBE1EE5F552A1DBC18DB861A /* InterpretationView.swift */ = {isa = PBXFileReference; lastKnownFileType = sourcecode.swift; path = InterpretationView.swift; sourceTree = "<group>"; };
		DDCC0AF79376EBAB6250631A /* SecurityBlockedView.swift */ = {isa = PBXFileReference; lastKnownFileType = sourcecode.swift; path = SecurityBlockedView.swift; sourceTree = "<group>"; };
		E78B995C5E74125775BE8BDB /* AdMobConfig.swift */ = {isa = PBXFileReference; lastKnownFileType = sourcecode.swift; path = AdMobConfig.swift; sourceTree = "<group>"; };
		E7D8552F15FEA725E6C6ED52 /* VoteService.swift */ = {isa = PBXFileReference; lastKnownFileType = sourcecode.swift; path = VoteService.swift; sourceTree = "<group>"; };
		E872D8C9185C483B98562104 /* ThemedBackground.swift */ = {isa = PBXFileReference; lastKnownFileType = sourcecode.swift; path = ThemedBackground.swift; sourceTree = "<group>"; };
		EA0BB6747EAA4E4533DA4106 /* UserDefaultsStoreTests.swift */ = {isa = PBXFileReference; lastKnownFileType = sourcecode.swift; path = UserDefaultsStoreTests.swift; sourceTree = "<group>"; };
		EA87AB987C0D77CE63ECCCFA /* FakeAuthorGenerator.swift */ = {isa = PBXFileReference; lastKnownFileType = sourcecode.swift; path = FakeAuthorGenerator.swift; sourceTree = "<group>"; };
		EBBA1A77D1996E116B7DA58B /* MainTabView.swift */ = {isa = PBXFileReference; lastKnownFileType = sourcecode.swift; path = MainTabView.swift; sourceTree = "<group>"; };
		ECB37C104E698AF34C57C0C8 /* AdMobConfig.plist */ = {isa = PBXFileReference; lastKnownFileType = text.plist; path = AdMobConfig.plist; sourceTree = "<group>"; };
		EDE1F77F8DBF7E3B6D4CB115 /* CalendarView.swift */ = {isa = PBXFileReference; lastKnownFileType = sourcecode.swift; path = CalendarView.swift; sourceTree = "<group>"; };
		EFDDAE8251455694C8D1BF80 /* ShareCardFontSizeTests.swift */ = {isa = PBXFileReference; lastKnownFileType = sourcecode.swift; path = ShareCardFontSizeTests.swift; sourceTree = "<group>"; };
		F12366567DCABE2230E36064 /* SettingsView.swift */ = {isa = PBXFileReference; lastKnownFileType = sourcecode.swift; path = SettingsView.swift; sourceTree = "<group>"; };
		F3661297910F52D526EC3A0F /* StoreManager.swift */ = {isa = PBXFileReference; lastKnownFileType = sourcecode.swift; path = StoreManager.swift; sourceTree = "<group>"; };
		F4C2B43F31563B4393CA3D51 /* Radius.swift */ = {isa = PBXFileReference; lastKnownFileType = sourcecode.swift; path = Radius.swift; sourceTree = "<group>"; };
		F5333C7F5668B3A528610929 /* ShareImageRenderer.swift */ = {isa = PBXFileReference; lastKnownFileType = sourcecode.swift; path = ShareImageRenderer.swift; sourceTree = "<group>"; };
/* End PBXFileReference section */

/* Begin PBXFrameworksBuildPhase section */
		7FAF1A042B91441C7C3CEB3C /* Frameworks */ = {
			isa = PBXFrameworksBuildPhase;
			buildActionMask = 2147483647;
			files = (
				68DD63FD087328DC6555A777 /* FirebaseFirestore in Frameworks */,
				3C2C7BB82E3B17FD0420AFD5 /* FirebaseAppCheck in Frameworks */,
				7CAFF5EB213D3D115B31EE43 /* GoogleMobileAds in Frameworks */,
			);
			runOnlyForDeploymentPostprocessing = 0;
		};
/* End PBXFrameworksBuildPhase section */

/* Begin PBXGroup section */
		23430E2A6510C397E129A710 /* Favorites */ = {
			isa = PBXGroup;
			children = (
				9D3FF2498FB65E86DDE506CE /* FavoritesView.swift */,
			);
			path = Favorites;
			sourceTree = "<group>";
		};
		2753EACBFE2AB3F2B9E83C82 /* App */ = {
			isa = PBXGroup;
			children = (
				EBBA1A77D1996E116B7DA58B /* MainTabView.swift */,
				54D8E6A99300F6695F1011A8 /* PPOIApp.swift */,
				D2D34EF85C18777E38ED96B8 /* RootView.swift */,
			);
			path = App;
			sourceTree = "<group>";
		};
		2CD6FC4B53645295394D82B8 /* Share */ = {
			isa = PBXGroup;
			children = (
				EA87AB987C0D77CE63ECCCFA /* FakeAuthorGenerator.swift */,
				C1A01B180ECCAFFD86CA03DC /* ShareCardExportView.swift */,
				F5333C7F5668B3A528610929 /* ShareImageRenderer.swift */,
				C8D67C5A3B7757CB658FC79C /* ShareInputView.swift */,
				2983B4A85E736D2AAF0695F1 /* SharePreviewView.swift */,
				7042F2EC86A22FFB5E72568D /* ShareRewardView.swift */,
				1181E9A05F17DC6EA9F2CA79 /* XShareService.swift */,
			);
			path = Share;
			sourceTree = "<group>";
		};
		2ED4E3E40BFDC1BA7D003932 /* PPOI */ = {
			isa = PBXGroup;
			children = (
				2753EACBFE2AB3F2B9E83C82 /* App */,
				E661D3B5D8F856164FF08FDB /* Core */,
				4516D8A87C1AFA8F8AB6BC45 /* DesignSystem */,
				CAB745F8484AFC5F3A5D5B09 /* Features */,
				39E8AB8D04B79DBA011DB52D /* Resources */,
			);
			path = PPOI;
			sourceTree = "<group>";
		};
		3044FC6F0ACCDC609B340910 /* Archive */ = {
			isa = PBXGroup;
			children = (
				C1DBAAB4B23812D36B7A819D /* ArchiveService.swift */,
				7C6CFD57DA8DA68E050021D3 /* ArchiveView.swift */,
			);
			path = Archive;
			sourceTree = "<group>";
		};
		33B5FF292E3CC50EB0D60416 /* Infrastructure */ = {
			isa = PBXGroup;
			children = (
				6AD8D91C0CD0277D9D2F8D22 /* Ads */,
				7DFDB1F06A35661C971541AD /* Firebase */,
				B85F69A0E531C8F22765C54D /* Notifications */,
			);
			path = Infrastructure;
			sourceTree = "<group>";
		};
		366D537DA279D34CC2DBCBA3 = {
			isa = PBXGroup;
			children = (
				2ED4E3E40BFDC1BA7D003932 /* PPOI */,
				8AA9AC35A9C833EB6E76E897 /* PPOIScreenshotTests */,
				902DD8A5405AC2203CB91DAC /* PPOITests */,
				C0D9AB6AAE02587C458175CE /* PPOIWidget */,
				7B40310CAF70FD934921AC47 /* Products */,
			);
			sourceTree = "<group>";
		};
		39E8AB8D04B79DBA011DB52D /* Resources */ = {
			isa = PBXGroup;
			children = (
				ECB37C104E698AF34C57C0C8 /* AdMobConfig.plist */,
				55CE50EB4B1959DC99A644C2 /* AdMobConfig.plist.example */,
				3D2B94E0769FBF39153271C5 /* Assets.xcassets */,
				4562785C1B80CEC9C926C082 /* GoogleService-Info.plist */,
				0616FC6F54125F00726DEA76 /* Info.plist */,
				C7276A7511EED7B31013D399 /* PPOI.entitlements */,
				872C270942B4BAD826A8B4FD /* PrivacyInfo.xcprivacy */,
			);
			path = Resources;
			sourceTree = "<group>";
		};
		3F471E2389689D29768FC16D /* Review */ = {
			isa = PBXGroup;
			children = (
				CF99969917A32AE6A87EC5BF /* ReviewPromptManager.swift */,
			);
			path = Review;
			sourceTree = "<group>";
		};
		43819BACB841E4F6E121F8B5 /* Explore */ = {
			isa = PBXGroup;
			children = (
				3EA286EC36BA6C4A1795EA85 /* ExploreView.swift */,
				5CB1D3A1F7D77E44E5A7AB04 /* QuoteDetailView.swift */,
				8FDFF7D5562121E8B025EAA6 /* WeeklyRankingView.swift */,
			);
			path = Explore;
			sourceTree = "<group>";
		};
		4516D8A87C1AFA8F8AB6BC45 /* DesignSystem */ = {
			isa = PBXGroup;
			children = (
				C803E48325950C9EEBD31F4D /* AppStrings.swift */,
				4D8DEC05962BCB1FFB6ED0B3 /* AppTheme.swift */,
				8F92F84213240D1B9C08F2DE /* ExpandableCard.swift */,
				AED1E5ACB423270BA0FEDCDB /* QuoteFont.swift */,
				F4C2B43F31563B4393CA3D51 /* Radius.swift */,
				0D72FE9097678D2EFD6641F9 /* Spacing.swift */,
				E872D8C9185C483B98562104 /* ThemedBackground.swift */,
			);
			path = DesignSystem;
			sourceTree = "<group>";
		};
		55E8C07544A95A9A62C40E93 /* Persistence */ = {
			isa = PBXGroup;
			children = (
				438F041FA453DE3B9799290F /* AchievementStore.swift */,
				412C66DEA80A24C975ACD218 /* FavoritesStore.swift */,
				65552D66D062BFE38ABFE99B /* JournalStore.swift */,
				043A84C88E80D5864ED8912A /* RewardUnlocker.swift */,
				4439C1AA10684941D7D93C3E /* SharedQuoteStore.swift */,
				AD06C2268F79E8AB31ABD84A /* StreakTracker.swift */,
				4A5DB9E4245C2FCB2EFA3590 /* UserPreferencesStore.swift */,
			);
			path = Persistence;
			sourceTree = "<group>";
		};
		6AD8D91C0CD0277D9D2F8D22 /* Ads */ = {
			isa = PBXGroup;
			children = (
				708397E0B484F088A6525778 /* AdMobCompliance.swift */,
				E78B995C5E74125775BE8BDB /* AdMobConfig.swift */,
				1E68A89B0B76C251E35C408F /* TrackingPermission.swift */,
			);
			path = Ads;
			sourceTree = "<group>";
		};
		70E5496C4406420220377672 /* Ads */ = {
			isa = PBXGroup;
			children = (
				1D7B92BEE30CCABC685EBFEA /* BannerAdView.swift */,
				8BE0DA3BF78E327EA8549303 /* InterstitialAdManager.swift */,
			);
			path = Ads;
			sourceTree = "<group>";
		};
		7B40310CAF70FD934921AC47 /* Products */ = {
			isa = PBXGroup;
			children = (
				907611180B0FD929890D3880 /* PPOI.app */,
				409527B251AE78247E2895D2 /* PPOIScreenshotTests.xctest */,
				6C16F8117384ED7A65DF12A5 /* PPOITests.xctest */,
				97C2BB1018151F2611C15818 /* PPOIWidget.appex */,
			);
			name = Products;
			sourceTree = "<group>";
		};
		7DCB17CBD00D6C3989054B9E /* Invite */ = {
			isa = PBXGroup;
			children = (
				AC6DF175351990541CA21A07 /* InviteManager.swift */,
			);
			path = Invite;
			sourceTree = "<group>";
		};
		7DFDB1F06A35661C971541AD /* Firebase */ = {
			isa = PBXGroup;
			children = (
				239199C965EC3B0F0883A45D /* FirebaseBootstrap.swift */,
			);
			path = Firebase;
			sourceTree = "<group>";
		};
		81C0F911664E1AFE314B4BF2 /* Data */ = {
			isa = PBXGroup;
			children = (
				C5F2AA05EE3B9B02E08086CD /* QuoteService.swift */,
				914D5B6A2610BC145BCC75F8 /* Models */,
				A09C43AFA30B3797F6494E19 /* Repositories */,
			);
			path = Data;
			sourceTree = "<group>";
		};
		8AA9AC35A9C833EB6E76E897 /* PPOIScreenshotTests */ = {
			isa = PBXGroup;
			children = (
				3900BBD69D3D51ADE7449DA8 /* ScreenshotExportTests.swift */,
			);
			path = PPOIScreenshotTests;
			sourceTree = "<group>";
		};
		902DD8A5405AC2203CB91DAC /* PPOITests */ = {
			isa = PBXGroup;
			children = (
				B40D68C1C22A01FE9EAB7D9F /* QuoteServiceTests.swift */,
				1C1D0D2D2E2914E9E204C5E8 /* QuoteViewModelTests.swift */,
				EFDDAE8251455694C8D1BF80 /* ShareCardFontSizeTests.swift */,
				EA0BB6747EAA4E4533DA4106 /* UserDefaultsStoreTests.swift */,
			);
			path = PPOITests;
			sourceTree = "<group>";
		};
		90651129D403BE0B16F778E1 /* Vote */ = {
			isa = PBXGroup;
			children = (
				E7D8552F15FEA725E6C6ED52 /* VoteService.swift */,
				8E70809F1F065D3DD37DC283 /* VoteView.swift */,
			);
			path = Vote;
			sourceTree = "<group>";
		};
		914D5B6A2610BC145BCC75F8 /* Models */ = {
			isa = PBXGroup;
			children = (
				8DA161E11E7B93384CCA3629 /* Achievement.swift */,
				97A14D291841BE4165B207D9 /* Quote.swift */,
				8C72B9EE4C90857BBC7142B8 /* QuoteCategory.swift */,
				CA2B12EA70D5A6FEC5732CE4 /* ShareImageSpec.swift */,
			);
			path = Models;
			sourceTree = "<group>";
		};
		9F3FA51CDBF94DB540FF35BC /* Settings */ = {
			isa = PBXGroup;
			children = (
				F12366567DCABE2230E36064 /* SettingsView.swift */,
			);
			path = Settings;
			sourceTree = "<group>";
		};
		A09C43AFA30B3797F6494E19 /* Repositories */ = {
			isa = PBXGroup;
			children = (
				47074C53B9067EEFA5723DEB /* FirestoreQuoteRepository.swift */,
				B949F1514022AD21070DF7DD /* RankingService.swift */,
			);
			path = Repositories;
			sourceTree = "<group>";
		};
		A98116E5056F0BC74670BDB3 /* MyPage */ = {
			isa = PBXGroup;
			children = (
				EDE1F77F8DBF7E3B6D4CB115 /* CalendarView.swift */,
				25CA75EC74BE5AAD3AEE3B3D /* JournalHistoryView.swift */,
				B7D9C1BCC7D015731EBBA324 /* MyPageView.swift */,
			);
			path = MyPage;
			sourceTree = "<group>";
		};
		B771FB9A5B84B903E4E64553 /* Quote */ = {
			isa = PBXGroup;
			children = (
				6CB0E111520602088F780957 /* DailyQuestionView.swift */,
				DBE1EE5F552A1DBC18DB861A /* InterpretationView.swift */,
				97FCEE96B22C58ACFF145142 /* JournalEntryView.swift */,
				82D4E441E5CD4361296EF5C7 /* QuoteView.swift */,
				D8596BCF1978FD9FF0E21A31 /* QuoteViewModel.swift */,
			);
			path = Quote;
			sourceTree = "<group>";
		};
		B85F69A0E531C8F22765C54D /* Notifications */ = {
			isa = PBXGroup;
			children = (
				89015E8D2D903E966ED6C1C0 /* NotificationService.swift */,
			);
			path = Notifications;
			sourceTree = "<group>";
		};
		C0D9AB6AAE02587C458175CE /* PPOIWidget */ = {
			isa = PBXGroup;
			children = (
				580FF6E734D87844E9A9C0D4 /* PPOIWidget.entitlements */,
				AB0E26FAAF3E15912F09DB89 /* PPOIWidget.swift */,
			);
			path = PPOIWidget;
			sourceTree = "<group>";
		};
		CAB745F8484AFC5F3A5D5B09 /* Features */ = {
			isa = PBXGroup;
			children = (
				70E5496C4406420220377672 /* Ads */,
				3044FC6F0ACCDC609B340910 /* Archive */,
				43819BACB841E4F6E121F8B5 /* Explore */,
				23430E2A6510C397E129A710 /* Favorites */,
				7DCB17CBD00D6C3989054B9E /* Invite */,
				A98116E5056F0BC74670BDB3 /* MyPage */,
				FA7BEA4E9F52733EA348CB33 /* Onboarding */,
				FDEB694F5A9E8ED1C4726D52 /* Purchase */,
				B771FB9A5B84B903E4E64553 /* Quote */,
				3F471E2389689D29768FC16D /* Review */,
				9F3FA51CDBF94DB540FF35BC /* Settings */,
				2CD6FC4B53645295394D82B8 /* Share */,
				90651129D403BE0B16F778E1 /* Vote */,
			);
			path = Features;
			sourceTree = "<group>";
		};
		CF7B089B036893738B1F8D18 /* Purchase */ = {
			isa = PBXGroup;
			children = (
				F3661297910F52D526EC3A0F /* StoreManager.swift */,
			);
			path = Purchase;
			sourceTree = "<group>";
		};
		DAC16280A57751A527391B78 /* Utilities */ = {
			isa = PBXGroup;
			children = (
				B09FCDAB0630E7B7DDBFCD1B /* JSTDate.swift */,
			);
			path = Utilities;
			sourceTree = "<group>";
		};
		E661D3B5D8F856164FF08FDB /* Core */ = {
			isa = PBXGroup;
			children = (
				81C0F911664E1AFE314B4BF2 /* Data */,
				33B5FF292E3CC50EB0D60416 /* Infrastructure */,
				55E8C07544A95A9A62C40E93 /* Persistence */,
				CF7B089B036893738B1F8D18 /* Purchase */,
				EA46553072321D3AFFC7F009 /* Security */,
				DAC16280A57751A527391B78 /* Utilities */,
			);
			path = Core;
			sourceTree = "<group>";
		};
		EA46553072321D3AFFC7F009 /* Security */ = {
			isa = PBXGroup;
			children = (
				5761243E6FD31A543F916323 /* ClipboardGuard.swift */,
				D21D593F06C501F4B6377DA7 /* InputSanitizer.swift */,
				3ABAD9927031E844CEEB55CC /* KeychainStore.swift */,
				2129E0A18303028FBA82BBC6 /* NetworkSecurity.swift */,
				46B5D8D84E2A91F483408B27 /* SecureLogger.swift */,
				2741BED2309AC34CE51CC877 /* SecureQuoteCache.swift */,
				DDCC0AF79376EBAB6250631A /* SecurityBlockedView.swift */,
				12F3126C00621087A315C8F3 /* SecurityGuard.swift */,
			);
			path = Security;
			sourceTree = "<group>";
		};
		FA7BEA4E9F52733EA348CB33 /* Onboarding */ = {
			isa = PBXGroup;
			children = (
				D425574337D98F126E997B31 /* OnboardingView.swift */,
			);
			path = Onboarding;
			sourceTree = "<group>";
		};
		FDEB694F5A9E8ED1C4726D52 /* Purchase */ = {
			isa = PBXGroup;
			children = (
				136966B4C4FEA96E0D519B54 /* PaywallView.swift */,
			);
			path = Purchase;
			sourceTree = "<group>";
		};
/* End PBXGroup section */

/* Begin PBXNativeTarget section */
		909C4FEA056E2E3437B734E5 /* PPOITests */ = {
			isa = PBXNativeTarget;
			buildConfigurationList = E6A8CFD4C1E0C640A9139B95 /* Build configuration list for PBXNativeTarget "PPOITests" */;
			buildPhases = (
				E3A176C99036D90DD84C4810 /* Sources */,
			);
			buildRules = (
			);
			dependencies = (
				7991AD0F646A1F78B706F6EF /* PBXTargetDependency */,
			);
			name = PPOITests;
			packageProductDependencies = (
			);
			productName = PPOITests;
			productReference = 6C16F8117384ED7A65DF12A5 /* PPOITests.xctest */;
			productType = "com.apple.product-type.bundle.unit-test";
		};
		A75C288429942C05F0696F38 /* PPOIWidget */ = {
			isa = PBXNativeTarget;
			buildConfigurationList = FA7CD2ECFBD20F644CED32D3 /* Build configuration list for PBXNativeTarget "PPOIWidget" */;
			buildPhases = (
				0ACC55C106BE2CA12E085C74 /* Sources */,
			);
			buildRules = (
			);
			dependencies = (
			);
			name = PPOIWidget;
			packageProductDependencies = (
			);
			productName = PPOIWidget;
			productReference = 97C2BB1018151F2611C15818 /* PPOIWidget.appex */;
			productType = "com.apple.product-type.app-extension";
		};
		EE2D9D76F039026784AF5EB7 /* PPOIScreenshotTests */ = {
			isa = PBXNativeTarget;
			buildConfigurationList = E69E443860C8729EAA89AB7C /* Build configuration list for PBXNativeTarget "PPOIScreenshotTests" */;
			buildPhases = (
				B580FA015CC1D94A31619DCA /* Sources */,
			);
			buildRules = (
			);
			dependencies = (
				82FED242FC9598BF8187281C /* PBXTargetDependency */,
			);
			name = PPOIScreenshotTests;
			packageProductDependencies = (
			);
			productName = PPOIScreenshotTests;
			productReference = 409527B251AE78247E2895D2 /* PPOIScreenshotTests.xctest */;
			productType = "com.apple.product-type.bundle.unit-test";
		};
		FF6EEA01DFC2EAE5FA9B39E4 /* PPOI */ = {
			isa = PBXNativeTarget;
			buildConfigurationList = EDA2A19BF79A26A9984A11DC /* Build configuration list for PBXNativeTarget "PPOI" */;
			buildPhases = (
				66022C46AC37DA89A02B0DB6 /* Sources */,
				324A7484163708FDC6F5B035 /* Resources */,
				7FAF1A042B91441C7C3CEB3C /* Frameworks */,
				8A8CE0A28BEC9E10272D3571 /* Embed Foundation Extensions */,
			);
			buildRules = (
			);
			dependencies = (
				472A38DD7646B099D88C5000 /* PBXTargetDependency */,
			);
			name = PPOI;
			packageProductDependencies = (
				C0E0B81DD81B866FA76C732C /* FirebaseFirestore */,
				773222A9BF038F22B2468A43 /* FirebaseAppCheck */,
				63CADF8F9BC9456177AF044E /* GoogleMobileAds */,
			);
			productName = PPOI;
			productReference = 907611180B0FD929890D3880 /* PPOI.app */;
			productType = "com.apple.product-type.application";
		};
/* End PBXNativeTarget section */

/* Begin PBXProject section */
		A00336A35CE37449FE641411 /* Project object */ = {
			isa = PBXProject;
			attributes = {
				BuildIndependentTargetsInParallel = YES;
				LastUpgradeCheck = 1600;
				TargetAttributes = {
					909C4FEA056E2E3437B734E5 = {
						DevelopmentTeam = NXFZ5AUX62;
					};
					A75C288429942C05F0696F38 = {
						DevelopmentTeam = NXFZ5AUX62;
						ProvisioningStyle = Automatic;
					};
					EE2D9D76F039026784AF5EB7 = {
						DevelopmentTeam = NXFZ5AUX62;
					};
					FF6EEA01DFC2EAE5FA9B39E4 = {
						DevelopmentTeam = NXFZ5AUX62;
						ProvisioningStyle = Automatic;
					};
				};
			};
			buildConfigurationList = 860C66DFF942F925C99058E4 /* Build configuration list for PBXProject "PPOI" */;
			developmentRegion = en;
			hasScannedForEncodings = 0;
			knownRegions = (
				Base,
				en,
			);
			mainGroup = 366D537DA279D34CC2DBCBA3;
			minimizedProjectReferenceProxies = 1;
			packageReferences = (
				21B780CF31DF9000BA33D24F /* XCRemoteSwiftPackageReference "firebase-ios-sdk" */,
				6959C036B6C5C380726963C9 /* XCRemoteSwiftPackageReference "swift-package-manager-google-mobile-ads" */,
			);
			preferredProjectObjectVersion = 77;
			productRefGroup = 7B40310CAF70FD934921AC47 /* Products */;
			projectDirPath = "";
			projectRoot = "";
			targets = (
				FF6EEA01DFC2EAE5FA9B39E4 /* PPOI */,
				EE2D9D76F039026784AF5EB7 /* PPOIScreenshotTests */,
				909C4FEA056E2E3437B734E5 /* PPOITests */,
				A75C288429942C05F0696F38 /* PPOIWidget */,
			);
		};
/* End PBXProject section */

/* Begin PBXResourcesBuildPhase section */
		324A7484163708FDC6F5B035 /* Resources */ = {
			isa = PBXResourcesBuildPhase;
			buildActionMask = 2147483647;
			files = (
				B2DDD37F7B8E4C6DA32027FD /* AdMobConfig.plist in Resources */,
				D869F6CA23B8EB4485A8B863 /* AdMobConfig.plist.example in Resources */,
				07D1325DD8DA9A76FB2B7A60 /* Assets.xcassets in Resources */,
				23D77FF1270F0C8BDF6A846D /* GoogleService-Info.plist in Resources */,
				7B846251038820F4DD1E8D99 /* PrivacyInfo.xcprivacy in Resources */,
			);
			runOnlyForDeploymentPostprocessing = 0;
		};
/* End PBXResourcesBuildPhase section */

/* Begin PBXSourcesBuildPhase section */
		0ACC55C106BE2CA12E085C74 /* Sources */ = {
			isa = PBXSourcesBuildPhase;
			buildActionMask = 2147483647;
			files = (
				A506E5993C5C26370738C196 /* PPOIWidget.swift in Sources */,
				84C48E0F0FF38110672C6AAB /* SharedQuoteStore.swift in Sources */,
			);
			runOnlyForDeploymentPostprocessing = 0;
		};
		66022C46AC37DA89A02B0DB6 /* Sources */ = {
			isa = PBXSourcesBuildPhase;
			buildActionMask = 2147483647;
			files = (
				C8EEB6643E79FDC6E8076021 /* Achievement.swift in Sources */,
				47E9A8EB0BC70C27FE71E932 /* AchievementStore.swift in Sources */,
				85BDB01AB43B744CAD1CB505 /* AdMobCompliance.swift in Sources */,
				0DE29D84DB286135B186A40A /* AdMobConfig.swift in Sources */,
				F33D6DE409BD976205D1BA23 /* AppStrings.swift in Sources */,
				27927917E5BF789D39657283 /* AppTheme.swift in Sources */,
				2AEABAAA6A8AF470DF77DBFD /* ArchiveService.swift in Sources */,
				FAF29AB05011236DC986471D /* ArchiveView.swift in Sources */,
				7476FAFE2462043448F500D8 /* BannerAdView.swift in Sources */,
				35F804D051CF56670001FDA0 /* CalendarView.swift in Sources */,
				91EBEE0A53A9197A132332A9 /* ClipboardGuard.swift in Sources */,
				85CD20E638598F23CA26B2B0 /* DailyQuestionView.swift in Sources */,
				17A7731DB916B4752128BB31 /* ExpandableCard.swift in Sources */,
				91D4FC8C143552B7A8311729 /* ExploreView.swift in Sources */,
				A92DD153313887E922989226 /* FakeAuthorGenerator.swift in Sources */,
				7E99BD8423BB1CDB3AC79DF6 /* FavoritesStore.swift in Sources */,
				8CFC090D554A301CD18AB701 /* FavoritesView.swift in Sources */,
				B38A82B8B7D72135F29F7F32 /* FirebaseBootstrap.swift in Sources */,
				877837B38AFFFA35F9108E2D /* FirestoreQuoteRepository.swift in Sources */,
				D77D307690E4F4871C38D61C /* InputSanitizer.swift in Sources */,
				A1779B372E66D4FF0EF3A0D8 /* InterpretationView.swift in Sources */,
				D32B1F715850F7CED26D0A6E /* InterstitialAdManager.swift in Sources */,
				117ED7F2ED4773B77FA66292 /* InviteManager.swift in Sources */,
				EFF2C227B3CFBA3BAED1B8B4 /* JSTDate.swift in Sources */,
				F8D190978DB25A3B9E23E0B5 /* JournalEntryView.swift in Sources */,
				9C59B0C2BC48389DF61EA4E6 /* JournalHistoryView.swift in Sources */,
				8884E0225B187176D7A2D91F /* JournalStore.swift in Sources */,
				ABC515D48EF8C07FD16B7362 /* KeychainStore.swift in Sources */,
				26208F1500F291AD33446779 /* MainTabView.swift in Sources */,
				18A92F12D4A2B28BE43EF1C9 /* MyPageView.swift in Sources */,
				8F083628FD02CD2C2109EF59 /* NetworkSecurity.swift in Sources */,
				16400909D3C81202D8B95355 /* NotificationService.swift in Sources */,
				67CDCA37DF7016399EE9B201 /* OnboardingView.swift in Sources */,
				7ADB89160F188F6A8945354D /* PPOIApp.swift in Sources */,
				8508E9A0565035FF4748481E /* PaywallView.swift in Sources */,
				0DBDFD7FCFCE40F704155E71 /* Quote.swift in Sources */,
				ACEE4DEF524B42E06ABA3533 /* QuoteCategory.swift in Sources */,
				F5625B8E712264FA7000321C /* QuoteDetailView.swift in Sources */,
				539B616AEA95AD28096BCF82 /* QuoteFont.swift in Sources */,
				80A246980DF4C07B775DE66D /* QuoteService.swift in Sources */,
				65D531CEECE49D641885C0E4 /* QuoteView.swift in Sources */,
				9AA181139A10B7F894E3EF03 /* QuoteViewModel.swift in Sources */,
				2E606E24D8C177BC09C32F61 /* Radius.swift in Sources */,
				AB139B9DC782168B7F2AA264 /* RankingService.swift in Sources */,
				24C4745F61A95A1E34DFDA94 /* ReviewPromptManager.swift in Sources */,
				EADF687CFEAF79F184AFACE4 /* RewardUnlocker.swift in Sources */,
				C45B71C7361E759B73E92F79 /* RootView.swift in Sources */,
				F147770A444AB900B4AA188B /* SecureLogger.swift in Sources */,
				B3AAD54BE3631EF7FED92FEB /* SecureQuoteCache.swift in Sources */,
				BC2EA1BA5D439AF465CCEF8E /* SecurityBlockedView.swift in Sources */,
				3FA48DA650605866E1220910 /* SecurityGuard.swift in Sources */,
				5E661A54DA6D69BA2B456379 /* SettingsView.swift in Sources */,
				D2522ACFFB851B4D78E9A13F /* ShareCardExportView.swift in Sources */,
				FC1ADA05F7E33D94940B3041 /* ShareImageRenderer.swift in Sources */,
				4D34207FCF7ABEE2A2C85FD1 /* ShareImageSpec.swift in Sources */,
				BE16E45804404936A13914D2 /* ShareInputView.swift in Sources */,
				1CF62DE569E44E690070E0A8 /* SharePreviewView.swift in Sources */,
				37C14E0BAC5806EED71ABD8D /* ShareRewardView.swift in Sources */,
				41599B81F10892508CF80ABB /* SharedQuoteStore.swift in Sources */,
				E8B0C0FD9058E83FA298A317 /* Spacing.swift in Sources */,
				DC377DBEC6CFD02070A94BFC /* StoreManager.swift in Sources */,
				8D7914B443787F4DAC6DBFA0 /* StreakTracker.swift in Sources */,
				764A6A019DA66A016DAE2E7A /* ThemedBackground.swift in Sources */,
				EA46558E3499E42ADA03B4C3 /* TrackingPermission.swift in Sources */,
				A686412F47309F3C2466BA9A /* UserPreferencesStore.swift in Sources */,
				AE6B002C8F2B31056B3FC7AC /* VoteService.swift in Sources */,
				8D7E6741BD4A8377BF1B7731 /* VoteView.swift in Sources */,
				C03DF57777A9BDEDCADF5742 /* WeeklyRankingView.swift in Sources */,
				3A9369C1E9692D3247C9F5B2 /* XShareService.swift in Sources */,
			);
			runOnlyForDeploymentPostprocessing = 0;
		};
		B580FA015CC1D94A31619DCA /* Sources */ = {
			isa = PBXSourcesBuildPhase;
			buildActionMask = 2147483647;
			files = (
				530018EBB479EE1F0CF7429E /* ScreenshotExportTests.swift in Sources */,
			);
			runOnlyForDeploymentPostprocessing = 0;
		};
		E3A176C99036D90DD84C4810 /* Sources */ = {
			isa = PBXSourcesBuildPhase;
			buildActionMask = 2147483647;
			files = (
				31102AC99308EEA1683B1FC7 /* QuoteServiceTests.swift in Sources */,
				93D657731E768CAA56F371D1 /* QuoteViewModelTests.swift in Sources */,
				2A4F5B13EDBBDECD60E224A8 /* ShareCardFontSizeTests.swift in Sources */,
				696BCD29E86B69E5B200A3DE /* UserDefaultsStoreTests.swift in Sources */,
			);
			runOnlyForDeploymentPostprocessing = 0;
		};
/* End PBXSourcesBuildPhase section */

/* Begin PBXTargetDependency section */
		472A38DD7646B099D88C5000 /* PBXTargetDependency */ = {
			isa = PBXTargetDependency;
			target = A75C288429942C05F0696F38 /* PPOIWidget */;
			targetProxy = ADDB6BB3592E3E8F990AE35F /* PBXContainerItemProxy */;
		};
		7991AD0F646A1F78B706F6EF /* PBXTargetDependency */ = {
			isa = PBXTargetDependency;
			target = FF6EEA01DFC2EAE5FA9B39E4 /* PPOI */;
			targetProxy = EF65EDB6DDB850060AD2938C /* PBXContainerItemProxy */;
		};
		82FED242FC9598BF8187281C /* PBXTargetDependency */ = {
			isa = PBXTargetDependency;
			target = FF6EEA01DFC2EAE5FA9B39E4 /* PPOI */;
			targetProxy = E0E0014EA841190CF9FBE937 /* PBXContainerItemProxy */;
		};
/* End PBXTargetDependency section */

/* Begin XCBuildConfiguration section */
		62C53CB542C29825B48EFBA5 /* Debug */ = {
			isa = XCBuildConfiguration;
			buildSettings = {
				CODE_SIGN_ENTITLEMENTS = PPOIWidget/PPOIWidget.entitlements;
				CODE_SIGN_STYLE = Automatic;
				DEVELOPMENT_TEAM = NXFZ5AUX62;
				GENERATE_INFOPLIST_FILE = NO;
				INFOPLIST_FILE = PPOIWidget/Info.plist;
				LD_RUNPATH_SEARCH_PATHS = (
					"$(inherited)",
					"@executable_path/Frameworks",
					"@executable_path/../../Frameworks",
				);
				PRODUCT_BUNDLE_IDENTIFIER = com.takahiro.ppoi.PPOIWidget;
				SDKROOT = iphoneos;
				SWIFT_VERSION = 5.0;
				TARGETED_DEVICE_FAMILY = "1,2";
			};
			name = Debug;
		};
		72DC9721FFF0566B7190B6CC /* Debug */ = {
			isa = XCBuildConfiguration;
			buildSettings = {
				ASSETCATALOG_COMPILER_APPICON_NAME = AppIcon;
				ASSETCATALOG_COMPILER_GLOBAL_ACCENT_COLOR_NAME = AccentColor;
				CLANG_ENABLE_OBJC_ARC = YES;
				CLANG_WARN_EMPTY_BODY = YES;
				CLANG_WARN_UNREACHABLE_CODE = YES;
				CODE_SIGN_ENTITLEMENTS = PPOI/Resources/PPOI.entitlements;
				CODE_SIGN_IDENTITY = "iPhone Developer";
				CODE_SIGN_STYLE = Automatic;
				COPY_PHASE_STRIP = YES;
				DEAD_CODE_STRIPPING = YES;
				ENABLE_BITCODE = NO;
				GCC_WARN_UNINITIALIZED_AUTOS = YES_AGGRESSIVE;
				GCC_WARN_UNUSED_FUNCTION = YES;
				GCC_WARN_UNUSED_VARIABLE = YES;
				GENERATE_INFOPLIST_FILE = YES;
				INFOPLIST_FILE = PPOI/Resources/Info.plist;
				LD_PIE = YES;
				LD_RUNPATH_SEARCH_PATHS = (
					"$(inherited)",
					"@executable_path/Frameworks",
				);
				PRODUCT_BUNDLE_IDENTIFIER = com.takahiro.ppoi;
				SDKROOT = iphoneos;
				STRIP_INSTALLED_PRODUCT = YES;
				STRIP_SWIFT_SYMBOLS = YES;
				SWIFT_ACTIVE_COMPILATION_CONDITIONS = DEBUG;
				SWIFT_OPTIMIZATION_LEVEL = "-Onone";
				TARGETED_DEVICE_FAMILY = "1,2";
			};
			name = Debug;
		};
		942F15A7B9F776D8772F8877 /* Release */ = {
			isa = XCBuildConfiguration;
			buildSettings = {
				BUNDLE_LOADER = "$(TEST_HOST)";
				GENERATE_INFOPLIST_FILE = YES;
				LD_RUNPATH_SEARCH_PATHS = (
					"$(inherited)",
					"@executable_path/Frameworks",
					"@loader_path/Frameworks",
				);
				PRODUCT_BUNDLE_IDENTIFIER = com.takahiro.ppoi.tests;
				SDKROOT = iphoneos;
				TARGETED_DEVICE_FAMILY = 1;
				TEST_HOST = "$(BUILT_PRODUCTS_DIR)/PPOI.app/$(BUNDLE_EXECUTABLE_FOLDER_PATH)/PPOI";
			};
			name = Release;
		};
		B8CDCDDB6367F26776700983 /* Release */ = {
			isa = XCBuildConfiguration;
			buildSettings = {
				ASSETCATALOG_COMPILER_APPICON_NAME = AppIcon;
				ASSETCATALOG_COMPILER_GLOBAL_ACCENT_COLOR_NAME = AccentColor;
				CLANG_ENABLE_OBJC_ARC = YES;
				CLANG_WARN_EMPTY_BODY = YES;
				CLANG_WARN_UNREACHABLE_CODE = YES;
				CODE_SIGN_ENTITLEMENTS = PPOI/Resources/PPOI.entitlements;
				CODE_SIGN_IDENTITY = "iPhone Developer";
				CODE_SIGN_STYLE = Automatic;
				COPY_PHASE_STRIP = YES;
				DEAD_CODE_STRIPPING = YES;
				DEBUG_INFORMATION_FORMAT = "dwarf-with-dsym";
				DEPLOYMENT_POSTPROCESSING = YES;
				ENABLE_BITCODE = NO;
				GCC_WARN_UNINITIALIZED_AUTOS = YES_AGGRESSIVE;
				GCC_WARN_UNUSED_FUNCTION = YES;
				GCC_WARN_UNUSED_VARIABLE = YES;
				GENERATE_INFOPLIST_FILE = YES;
				INFOPLIST_FILE = PPOI/Resources/Info.plist;
				LD_PIE = YES;
				LD_RUNPATH_SEARCH_PATHS = (
					"$(inherited)",
					"@executable_path/Frameworks",
				);
				OTHER_CFLAGS = (
					"-fstack-protector-all",
					"-D_FORTIFY_SOURCE=2",
				);
				PRODUCT_BUNDLE_IDENTIFIER = com.takahiro.ppoi;
				SDKROOT = iphoneos;
				STRIP_INSTALLED_PRODUCT = YES;
				STRIP_SWIFT_SYMBOLS = YES;
				SWIFT_COMPILATION_MODE = wholemodule;
				SWIFT_OPTIMIZATION_LEVEL = "-O";
				TARGETED_DEVICE_FAMILY = "1,2";
			};
			name = Release;
		};
		C17E3B57BEF40DCB30FEDAA8 /* Release */ = {
			isa = XCBuildConfiguration;
			buildSettings = {
				CODE_SIGN_ENTITLEMENTS = PPOIWidget/PPOIWidget.entitlements;
				CODE_SIGN_STYLE = Automatic;
				DEVELOPMENT_TEAM = NXFZ5AUX62;
				GENERATE_INFOPLIST_FILE = NO;
				INFOPLIST_FILE = PPOIWidget/Info.plist;
				LD_RUNPATH_SEARCH_PATHS = (
					"$(inherited)",
					"@executable_path/Frameworks",
					"@executable_path/../../Frameworks",
				);
				PRODUCT_BUNDLE_IDENTIFIER = com.takahiro.ppoi.PPOIWidget;
				SDKROOT = iphoneos;
				SWIFT_VERSION = 5.0;
				TARGETED_DEVICE_FAMILY = "1,2";
			};
			name = Release;
		};
		C6870E638F51E83246156E63 /* Debug */ = {
			isa = XCBuildConfiguration;
			buildSettings = {
				BUNDLE_LOADER = "$(TEST_HOST)";
				GENERATE_INFOPLIST_FILE = YES;
				LD_RUNPATH_SEARCH_PATHS = (
					"$(inherited)",
					"@executable_path/Frameworks",
					"@loader_path/Frameworks",
				);
				PRODUCT_BUNDLE_IDENTIFIER = com.takahiro.ppoi.screenshottests;
				SDKROOT = iphoneos;
				TARGETED_DEVICE_FAMILY = "1,2";
				TEST_HOST = "$(BUILT_PRODUCTS_DIR)/PPOI.app/$(BUNDLE_EXECUTABLE_FOLDER_PATH)/PPOI";
			};
			name = Debug;
		};
		D82CE81263CE870BACACDF68 /* Release */ = {
			isa = XCBuildConfiguration;
			buildSettings = {
				BUNDLE_LOADER = "$(TEST_HOST)";
				GENERATE_INFOPLIST_FILE = YES;
				LD_RUNPATH_SEARCH_PATHS = (
					"$(inherited)",
					"@executable_path/Frameworks",
					"@loader_path/Frameworks",
				);
				PRODUCT_BUNDLE_IDENTIFIER = com.takahiro.ppoi.screenshottests;
				SDKROOT = iphoneos;
				TARGETED_DEVICE_FAMILY = "1,2";
				TEST_HOST = "$(BUILT_PRODUCTS_DIR)/PPOI.app/$(BUNDLE_EXECUTABLE_FOLDER_PATH)/PPOI";
			};
			name = Release;
		};
		E244AA5FEA3D748E24F4F37E /* Debug */ = {
			isa = XCBuildConfiguration;
			buildSettings = {
				BUNDLE_LOADER = "$(TEST_HOST)";
				GENERATE_INFOPLIST_FILE = YES;
				LD_RUNPATH_SEARCH_PATHS = (
					"$(inherited)",
					"@executable_path/Frameworks",
					"@loader_path/Frameworks",
				);
				PRODUCT_BUNDLE_IDENTIFIER = com.takahiro.ppoi.tests;
				SDKROOT = iphoneos;
				TARGETED_DEVICE_FAMILY = 1;
				TEST_HOST = "$(BUILT_PRODUCTS_DIR)/PPOI.app/$(BUNDLE_EXECUTABLE_FOLDER_PATH)/PPOI";
			};
			name = Debug;
		};
		F23DED371B6D983C2764DB4F /* Debug */ = {
			isa = XCBuildConfiguration;
			buildSettings = {
				ALWAYS_SEARCH_USER_PATHS = NO;
				CLANG_ANALYZER_NONNULL = YES;
				CLANG_ANALYZER_NUMBER_OBJECT_CONVERSION = YES_AGGRESSIVE;
				CLANG_CXX_LANGUAGE_STANDARD = "gnu++14";
				CLANG_CXX_LIBRARY = "libc++";
				CLANG_ENABLE_MODULES = YES;
				CLANG_ENABLE_OBJC_ARC = YES;
				CLANG_ENABLE_OBJC_WEAK = YES;
				CLANG_WARN_BLOCK_CAPTURE_AUTORELEASING = YES;
				CLANG_WARN_BOOL_CONVERSION = YES;
				CLANG_WARN_COMMA = YES;
				CLANG_WARN_CONSTANT_CONVERSION = YES;
				CLANG_WARN_DEPRECATED_OBJC_IMPLEMENTATIONS = YES;
				CLANG_WARN_DIRECT_OBJC_ISA_USAGE = YES_ERROR;
				CLANG_WARN_DOCUMENTATION_COMMENTS = YES;
				CLANG_WARN_EMPTY_BODY = YES;
				CLANG_WARN_ENUM_CONVERSION = YES;
				CLANG_WARN_INFINITE_RECURSION = YES;
				CLANG_WARN_INT_CONVERSION = YES;
				CLANG_WARN_NON_LITERAL_NULL_CONVERSION = YES;
				CLANG_WARN_OBJC_IMPLICIT_RETAIN_SELF = YES;
				CLANG_WARN_OBJC_LITERAL_CONVERSION = YES;
				CLANG_WARN_OBJC_ROOT_CLASS = YES_ERROR;
				CLANG_WARN_QUOTED_INCLUDE_IN_FRAMEWORK_HEADER = YES;
				CLANG_WARN_RANGE_LOOP_ANALYSIS = YES;
				CLANG_WARN_STRICT_PROTOTYPES = YES;
				CLANG_WARN_SUSPICIOUS_MOVE = YES;
				CLANG_WARN_UNGUARDED_AVAILABILITY = YES_AGGRESSIVE;
				CLANG_WARN_UNREACHABLE_CODE = YES;
				CLANG_WARN__DUPLICATE_METHOD_MATCH = YES;
				COPY_PHASE_STRIP = NO;
				CURRENT_PROJECT_VERSION = 11;
				DEBUG_INFORMATION_FORMAT = dwarf;
				DEVELOPMENT_TEAM = NXFZ5AUX62;
				ENABLE_STRICT_OBJC_MSGSEND = YES;
				ENABLE_TESTABILITY = YES;
				GCC_C_LANGUAGE_STANDARD = gnu11;
				GCC_DYNAMIC_NO_PIC = NO;
				GCC_GENERATE_POSITION_DEPENDENT_CODE = NO;
				GCC_NO_COMMON_BLOCKS = YES;
				GCC_OPTIMIZATION_LEVEL = 0;
				GCC_PREPROCESSOR_DEFINITIONS = (
					"$(inherited)",
					"DEBUG=1",
				);
				GCC_WARN_64_TO_32_BIT_CONVERSION = YES;
				GCC_WARN_ABOUT_RETURN_TYPE = YES_ERROR;
				GCC_WARN_UNDECLARED_SELECTOR = YES;
				GCC_WARN_UNINITIALIZED_AUTOS = YES_AGGRESSIVE;
				GCC_WARN_UNUSED_FUNCTION = YES;
				GCC_WARN_UNUSED_VARIABLE = YES;
				IPHONEOS_DEPLOYMENT_TARGET = 17.0;
				MARKETING_VERSION = 1.3.0;
				MTL_ENABLE_DEBUG_INFO = INCLUDE_SOURCE;
				MTL_FAST_MATH = YES;
				ONLY_ACTIVE_ARCH = YES;
				OTHER_CFLAGS = (
					"-fstack-protector-all",
				);
				PRODUCT_NAME = "$(TARGET_NAME)";
				SDKROOT = iphoneos;
				SWIFT_ACTIVE_COMPILATION_CONDITIONS = DEBUG;
				SWIFT_OPTIMIZATION_LEVEL = "-Onone";
				SWIFT_VERSION = 5.0;
				TARGETED_DEVICE_FAMILY = "1,2";
			};
			name = Debug;
		};
		FCF80AC65615623F95BC0A36 /* Release */ = {
			isa = XCBuildConfiguration;
			buildSettings = {
				ALWAYS_SEARCH_USER_PATHS = NO;
				CLANG_ANALYZER_NONNULL = YES;
				CLANG_ANALYZER_NUMBER_OBJECT_CONVERSION = YES_AGGRESSIVE;
				CLANG_CXX_LANGUAGE_STANDARD = "gnu++14";
				CLANG_CXX_LIBRARY = "libc++";
				CLANG_ENABLE_MODULES = YES;
				CLANG_ENABLE_OBJC_ARC = YES;
				CLANG_ENABLE_OBJC_WEAK = YES;
				CLANG_WARN_BLOCK_CAPTURE_AUTORELEASING = YES;
				CLANG_WARN_BOOL_CONVERSION = YES;
				CLANG_WARN_COMMA = YES;
				CLANG_WARN_CONSTANT_CONVERSION = YES;
				CLANG_WARN_DEPRECATED_OBJC_IMPLEMENTATIONS = YES;
				CLANG_WARN_DIRECT_OBJC_ISA_USAGE = YES_ERROR;
				CLANG_WARN_DOCUMENTATION_COMMENTS = YES;
				CLANG_WARN_EMPTY_BODY = YES;
				CLANG_WARN_ENUM_CONVERSION = YES;
				CLANG_WARN_INFINITE_RECURSION = YES;
				CLANG_WARN_INT_CONVERSION = YES;
				CLANG_WARN_NON_LITERAL_NULL_CONVERSION = YES;
				CLANG_WARN_OBJC_IMPLICIT_RETAIN_SELF = YES;
				CLANG_WARN_OBJC_LITERAL_CONVERSION = YES;
				CLANG_WARN_OBJC_ROOT_CLASS = YES_ERROR;
				CLANG_WARN_QUOTED_INCLUDE_IN_FRAMEWORK_HEADER = YES;
				CLANG_WARN_RANGE_LOOP_ANALYSIS = YES;
				CLANG_WARN_STRICT_PROTOTYPES = YES;
				CLANG_WARN_SUSPICIOUS_MOVE = YES;
				CLANG_WARN_UNGUARDED_AVAILABILITY = YES_AGGRESSIVE;
				CLANG_WARN_UNREACHABLE_CODE = YES;
				CLANG_WARN__DUPLICATE_METHOD_MATCH = YES;
				COPY_PHASE_STRIP = NO;
				CURRENT_PROJECT_VERSION = 11;
				DEBUG_INFORMATION_FORMAT = "dwarf-with-dsym";
				DEVELOPMENT_TEAM = NXFZ5AUX62;
				ENABLE_NS_ASSERTIONS = NO;
				ENABLE_STRICT_OBJC_MSGSEND = YES;
				GCC_C_LANGUAGE_STANDARD = gnu11;
				GCC_GENERATE_POSITION_DEPENDENT_CODE = NO;
				GCC_NO_COMMON_BLOCKS = YES;
				GCC_WARN_64_TO_32_BIT_CONVERSION = YES;
				GCC_WARN_ABOUT_RETURN_TYPE = YES_ERROR;
				GCC_WARN_UNDECLARED_SELECTOR = YES;
				GCC_WARN_UNINITIALIZED_AUTOS = YES_AGGRESSIVE;
				GCC_WARN_UNUSED_FUNCTION = YES;
				GCC_WARN_UNUSED_VARIABLE = YES;
				IPHONEOS_DEPLOYMENT_TARGET = 17.0;
				MARKETING_VERSION = 1.3.0;
				MTL_ENABLE_DEBUG_INFO = NO;
				MTL_FAST_MATH = YES;
				OTHER_CFLAGS = (
					"-fstack-protector-all",
				);
				PRODUCT_NAME = "$(TARGET_NAME)";
				SDKROOT = iphoneos;
				SWIFT_COMPILATION_MODE = wholemodule;
				SWIFT_OPTIMIZATION_LEVEL = "-O";
				SWIFT_VERSION = 5.0;
				TARGETED_DEVICE_FAMILY = "1,2";
			};
			name = Release;
		};
/* End XCBuildConfiguration section */

/* Begin XCConfigurationList section */
		860C66DFF942F925C99058E4 /* Build configuration list for PBXProject "PPOI" */ = {
			isa = XCConfigurationList;
			buildConfigurations = (
				F23DED371B6D983C2764DB4F /* Debug */,
				FCF80AC65615623F95BC0A36 /* Release */,
			);
			defaultConfigurationIsVisible = 0;
			defaultConfigurationName = Debug;
		};
		E69E443860C8729EAA89AB7C /* Build configuration list for PBXNativeTarget "PPOIScreenshotTests" */ = {
			isa = XCConfigurationList;
			buildConfigurations = (
				C6870E638F51E83246156E63 /* Debug */,
				D82CE81263CE870BACACDF68 /* Release */,
			);
			defaultConfigurationIsVisible = 0;
			defaultConfigurationName = Debug;
		};
		E6A8CFD4C1E0C640A9139B95 /* Build configuration list for PBXNativeTarget "PPOITests" */ = {
			isa = XCConfigurationList;
			buildConfigurations = (
				E244AA5FEA3D748E24F4F37E /* Debug */,
				942F15A7B9F776D8772F8877 /* Release */,
			);
			defaultConfigurationIsVisible = 0;
			defaultConfigurationName = Debug;
		};
		EDA2A19BF79A26A9984A11DC /* Build configuration list for PBXNativeTarget "PPOI" */ = {
			isa = XCConfigurationList;
			buildConfigurations = (
				72DC9721FFF0566B7190B6CC /* Debug */,
				B8CDCDDB6367F26776700983 /* Release */,
			);
			defaultConfigurationIsVisible = 0;
			defaultConfigurationName = Debug;
		};
		FA7CD2ECFBD20F644CED32D3 /* Build configuration list for PBXNativeTarget "PPOIWidget" */ = {
			isa = XCConfigurationList;
			buildConfigurations = (
				62C53CB542C29825B48EFBA5 /* Debug */,
				C17E3B57BEF40DCB30FEDAA8 /* Release */,
			);
			defaultConfigurationIsVisible = 0;
			defaultConfigurationName = Debug;
		};
/* End XCConfigurationList section */

/* Begin XCRemoteSwiftPackageReference section */
		21B780CF31DF9000BA33D24F /* XCRemoteSwiftPackageReference "firebase-ios-sdk" */ = {
			isa = XCRemoteSwiftPackageReference;
			repositoryURL = "https://github.com/firebase/firebase-ios-sdk";
			requirement = {
				kind = upToNextMajorVersion;
				minimumVersion = 10.29.0;
			};
		};
		6959C036B6C5C380726963C9 /* XCRemoteSwiftPackageReference "swift-package-manager-google-mobile-ads" */ = {
			isa = XCRemoteSwiftPackageReference;
			repositoryURL = "https://github.com/googleads/swift-package-manager-google-mobile-ads.git";
			requirement = {
				kind = upToNextMajorVersion;
				minimumVersion = 11.0.0;
			};
		};
/* End XCRemoteSwiftPackageReference section */

/* Begin XCSwiftPackageProductDependency section */
		63CADF8F9BC9456177AF044E /* GoogleMobileAds */ = {
			isa = XCSwiftPackageProductDependency;
			package = 6959C036B6C5C380726963C9 /* XCRemoteSwiftPackageReference "swift-package-manager-google-mobile-ads" */;
			productName = GoogleMobileAds;
		};
		773222A9BF038F22B2468A43 /* FirebaseAppCheck */ = {
			isa = XCSwiftPackageProductDependency;
			package = 21B780CF31DF9000BA33D24F /* XCRemoteSwiftPackageReference "firebase-ios-sdk" */;
			productName = FirebaseAppCheck;
		};
		C0E0B81DD81B866FA76C732C /* FirebaseFirestore */ = {
			isa = XCSwiftPackageProductDependency;
			package = 21B780CF31DF9000BA33D24F /* XCRemoteSwiftPackageReference "firebase-ios-sdk" */;
			productName = FirebaseFirestore;
		};
/* End XCSwiftPackageProductDependency section */
	};
	rootObject = A00336A35CE37449FE641411 /* Project object */;
}
